// !$*UTF8*$!
{
	archiveVersion = 1;
	classes = {
	};
	objectVersion = 46;
	objects = {

/* Begin PBXBuildFile section */
		50A7F7D71AA9970700F84E86 /* AppDelegate.swift in Sources */ = {isa = PBXBuildFile; fileRef = 50A7F7D61AA9970700F84E86 /* AppDelegate.swift */; };
		50A7F7D91AA9970700F84E86 /* ViewController.swift in Sources */ = {isa = PBXBuildFile; fileRef = 50A7F7D81AA9970700F84E86 /* ViewController.swift */; };
		50A7F7DC1AA9970700F84E86 /* Main.storyboard in Resources */ = {isa = PBXBuildFile; fileRef = 50A7F7DA1AA9970700F84E86 /* Main.storyboard */; };
		50A7F7DE1AA9970700F84E86 /* Images.xcassets in Resources */ = {isa = PBXBuildFile; fileRef = 50A7F7DD1AA9970700F84E86 /* Images.xcassets */; };
		50A7F7E11AA9970700F84E86 /* LaunchScreen.xib in Resources */ = {isa = PBXBuildFile; fileRef = 50A7F7DF1AA9970700F84E86 /* LaunchScreen.xib */; };
		50A7F7FA1AA999C900F84E86 /* Easy_006_ZigZag_Conversion.swift in Sources */ = {isa = PBXBuildFile; fileRef = 50A7F7F91AA999C900F84E86 /* Easy_006_ZigZag_Conversion.swift */; };
		50A7F8001AA99B8400F84E86 /* Easy_006_ZigZag_Conversion_Test.swift in Sources */ = {isa = PBXBuildFile; fileRef = 50A7F7FF1AA99B8400F84E86 /* Easy_006_ZigZag_Conversion_Test.swift */; };
		50A7F8011AA99E5100F84E86 /* Easy_006_ZigZag_Conversion.swift in Sources */ = {isa = PBXBuildFile; fileRef = 50A7F7F91AA999C900F84E86 /* Easy_006_ZigZag_Conversion.swift */; };
		50A7F8031AA9A3CA00F84E86 /* Medium_001_Two_Sum.swift in Sources */ = {isa = PBXBuildFile; fileRef = 50A7F8021AA9A3CA00F84E86 /* Medium_001_Two_Sum.swift */; };
		50A7F8041AA9A3CA00F84E86 /* Medium_001_Two_Sum.swift in Sources */ = {isa = PBXBuildFile; fileRef = 50A7F8021AA9A3CA00F84E86 /* Medium_001_Two_Sum.swift */; };
		50A7F8061AA9A3E700F84E86 /* Medium_001_Two_Sum_Test.swift in Sources */ = {isa = PBXBuildFile; fileRef = 50A7F8051AA9A3E700F84E86 /* Medium_001_Two_Sum_Test.swift */; };
		50E1BFBA1AD28EAC009308B6 /* Medium_015_3Sum.swift in Sources */ = {isa = PBXBuildFile; fileRef = 50E1BFB91AD28EAC009308B6 /* Medium_015_3Sum.swift */; };
		50E1BFBB1AD28EAC009308B6 /* Medium_015_3Sum.swift in Sources */ = {isa = PBXBuildFile; fileRef = 50E1BFB91AD28EAC009308B6 /* Medium_015_3Sum.swift */; };
		50E1BFBD1AD28EC6009308B6 /* Medium_015_3Sum_Test.swift in Sources */ = {isa = PBXBuildFile; fileRef = 50E1BFBC1AD28EC6009308B6 /* Medium_015_3Sum_Test.swift */; };
		5263CF571AC79C130073631F /* Medium_011_Container_With_Most_Water_Test.swift in Sources */ = {isa = PBXBuildFile; fileRef = 5263CF561AC79C130073631F /* Medium_011_Container_With_Most_Water_Test.swift */; };
		5263CF591AC79C590073631F /* Medium_011_Container_With_Most_Water.swift in Sources */ = {isa = PBXBuildFile; fileRef = 5263CF581AC79C590073631F /* Medium_011_Container_With_Most_Water.swift */; };
		5263CF5A1AC79C590073631F /* Medium_011_Container_With_Most_Water.swift in Sources */ = {isa = PBXBuildFile; fileRef = 5263CF581AC79C590073631F /* Medium_011_Container_With_Most_Water.swift */; };
		5263CF5C1AC7D9990073631F /* Medium_012_Integer_To_Roman.swift in Sources */ = {isa = PBXBuildFile; fileRef = 5263CF5B1AC7D9990073631F /* Medium_012_Integer_To_Roman.swift */; };
		5263CF5D1AC7D9990073631F /* Medium_012_Integer_To_Roman.swift in Sources */ = {isa = PBXBuildFile; fileRef = 5263CF5B1AC7D9990073631F /* Medium_012_Integer_To_Roman.swift */; };
		5263CF5F1AC7D9AF0073631F /* Medium_012_Integer_To_Roman_Test.swift in Sources */ = {isa = PBXBuildFile; fileRef = 5263CF5E1AC7D9AF0073631F /* Medium_012_Integer_To_Roman_Test.swift */; };
		91394F351AC3EE56003DFF08 /* Medium_002_Add_Two_Numbers.swift in Sources */ = {isa = PBXBuildFile; fileRef = 91394F341AC3EE56003DFF08 /* Medium_002_Add_Two_Numbers.swift */; };
		91394F361AC3EE56003DFF08 /* Medium_002_Add_Two_Numbers.swift in Sources */ = {isa = PBXBuildFile; fileRef = 91394F341AC3EE56003DFF08 /* Medium_002_Add_Two_Numbers.swift */; };
		91394F381AC3F398003DFF08 /* Medium_002_Add_Two_Numbers_Test.swift in Sources */ = {isa = PBXBuildFile; fileRef = 91394F371AC3F398003DFF08 /* Medium_002_Add_Two_Numbers_Test.swift */; };
		91492D581AC5851E00D3A514 /* Easy_007_Reverse_Integer.swift in Sources */ = {isa = PBXBuildFile; fileRef = 91492D571AC5851E00D3A514 /* Easy_007_Reverse_Integer.swift */; };
		91492D591AC5851E00D3A514 /* Easy_007_Reverse_Integer.swift in Sources */ = {isa = PBXBuildFile; fileRef = 91492D571AC5851E00D3A514 /* Easy_007_Reverse_Integer.swift */; };
		91492D5B1AC5860F00D3A514 /* Easy_007_Reverse_Integer_Test.swift in Sources */ = {isa = PBXBuildFile; fileRef = 91492D5A1AC5860F00D3A514 /* Easy_007_Reverse_Integer_Test.swift */; };
		91492D5D1AC58A0800D3A514 /* Easy_008_String_to_Integer_atoi.swift in Sources */ = {isa = PBXBuildFile; fileRef = 91492D5C1AC58A0800D3A514 /* Easy_008_String_to_Integer_atoi.swift */; };
		91492D5E1AC58A0800D3A514 /* Easy_008_String_to_Integer_atoi.swift in Sources */ = {isa = PBXBuildFile; fileRef = 91492D5C1AC58A0800D3A514 /* Easy_008_String_to_Integer_atoi.swift */; };
		91492D601AC58A9E00D3A514 /* Easy_008_String_to_Integer_atoi_Test.swift in Sources */ = {isa = PBXBuildFile; fileRef = 91492D5F1AC58A9E00D3A514 /* Easy_008_String_to_Integer_atoi_Test.swift */; };
		91492D621AC58D2E00D3A514 /* Easy_009_Palindrome_Number.swift in Sources */ = {isa = PBXBuildFile; fileRef = 91492D611AC58D2E00D3A514 /* Easy_009_Palindrome_Number.swift */; };
		91492D631AC58D2E00D3A514 /* Easy_009_Palindrome_Number.swift in Sources */ = {isa = PBXBuildFile; fileRef = 91492D611AC58D2E00D3A514 /* Easy_009_Palindrome_Number.swift */; };
		91492D651AC58D4200D3A514 /* Easy_009_Palindrome_Number_Test.swift in Sources */ = {isa = PBXBuildFile; fileRef = 91492D641AC58D4200D3A514 /* Easy_009_Palindrome_Number_Test.swift */; };
		91492D671AC58F6000D3A514 /* Hard_010_Regular_Expression_Matching.swift in Sources */ = {isa = PBXBuildFile; fileRef = 91492D661AC58F6000D3A514 /* Hard_010_Regular_Expression_Matching.swift */; };
		91492D681AC58F6000D3A514 /* Hard_010_Regular_Expression_Matching.swift in Sources */ = {isa = PBXBuildFile; fileRef = 91492D661AC58F6000D3A514 /* Hard_010_Regular_Expression_Matching.swift */; };
		91492D6A1AC58F7A00D3A514 /* Hard_010_Regular_Expression_Matching_Test.swift in Sources */ = {isa = PBXBuildFile; fileRef = 91492D691AC58F7A00D3A514 /* Hard_010_Regular_Expression_Matching_Test.swift */; };
		91A29F161AC541F800E03380 /* Medium_003_Longest_Substring_Without_Repeating_Characters.swift in Sources */ = {isa = PBXBuildFile; fileRef = 91A29F151AC541F800E03380 /* Medium_003_Longest_Substring_Without_Repeating_Characters.swift */; };
		91A29F171AC541F800E03380 /* Medium_003_Longest_Substring_Without_Repeating_Characters.swift in Sources */ = {isa = PBXBuildFile; fileRef = 91A29F151AC541F800E03380 /* Medium_003_Longest_Substring_Without_Repeating_Characters.swift */; };
		91AE3A011AC54E00007EAEBA /* Medium_003_Longest_Substring_Without_Repeating_Characters_Test.swift in Sources */ = {isa = PBXBuildFile; fileRef = 91AE3A001AC54E00007EAEBA /* Medium_003_Longest_Substring_Without_Repeating_Characters_Test.swift */; };
		91AE3A031AC550C5007EAEBA /* Hard_004_Median_Of_Two_Sorted_Arrays.swift in Sources */ = {isa = PBXBuildFile; fileRef = 91AE3A021AC550C5007EAEBA /* Hard_004_Median_Of_Two_Sorted_Arrays.swift */; };
		91AE3A041AC550C5007EAEBA /* Hard_004_Median_Of_Two_Sorted_Arrays.swift in Sources */ = {isa = PBXBuildFile; fileRef = 91AE3A021AC550C5007EAEBA /* Hard_004_Median_Of_Two_Sorted_Arrays.swift */; };
		91AE3A071AC55146007EAEBA /* Hard_004_Median_Of_Two_Sorted_Arrays_Test.swift in Sources */ = {isa = PBXBuildFile; fileRef = 91AE3A051AC55146007EAEBA /* Hard_004_Median_Of_Two_Sorted_Arrays_Test.swift */; };
		91AE3A091AC559F6007EAEBA /* Medium_005_Longest_Palindromic_Substring.swift in Sources */ = {isa = PBXBuildFile; fileRef = 91AE3A081AC559F6007EAEBA /* Medium_005_Longest_Palindromic_Substring.swift */; };
		91AE3A0A1AC559F6007EAEBA /* Medium_005_Longest_Palindromic_Substring.swift in Sources */ = {isa = PBXBuildFile; fileRef = 91AE3A081AC559F6007EAEBA /* Medium_005_Longest_Palindromic_Substring.swift */; };
		91AE3A0D1AC55AC3007EAEBA /* Medium_005_Longest_Palindromic_Substring_Test.swift in Sources */ = {isa = PBXBuildFile; fileRef = 91AE3A0B1AC55AC3007EAEBA /* Medium_005_Longest_Palindromic_Substring_Test.swift */; };
		91DCF23C1AC9134500F9CB65 /* Easy_014_Longest_Common_Prefix.swift in Sources */ = {isa = PBXBuildFile; fileRef = 91DCF23B1AC9134500F9CB65 /* Easy_014_Longest_Common_Prefix.swift */; };
		91DCF23D1AC9134500F9CB65 /* Easy_014_Longest_Common_Prefix.swift in Sources */ = {isa = PBXBuildFile; fileRef = 91DCF23B1AC9134500F9CB65 /* Easy_014_Longest_Common_Prefix.swift */; };
		91DCF23F1AC9135500F9CB65 /* Easy_014_Longest_Common_Prefix_Test.swift in Sources */ = {isa = PBXBuildFile; fileRef = 91DCF23E1AC9135500F9CB65 /* Easy_014_Longest_Common_Prefix_Test.swift */; };
		91DCF2411AC9207900F9CB65 /* SolutionsTestsHelper.swift in Sources */ = {isa = PBXBuildFile; fileRef = 91DCF2401AC9207900F9CB65 /* SolutionsTestsHelper.swift */; };
		91EF6D6F1AC8EF4E00D8C285 /* Easy_013_Roman_To_Integer.swift in Sources */ = {isa = PBXBuildFile; fileRef = 91EF6D6E1AC8EF4E00D8C285 /* Easy_013_Roman_To_Integer.swift */; };
		91EF6D701AC8EF4E00D8C285 /* Easy_013_Roman_To_Integer.swift in Sources */ = {isa = PBXBuildFile; fileRef = 91EF6D6E1AC8EF4E00D8C285 /* Easy_013_Roman_To_Integer.swift */; };
		91EF6D721AC8EF6400D8C285 /* Easy_013_Roman_To_Integer_Test.swift in Sources */ = {isa = PBXBuildFile; fileRef = 91EF6D711AC8EF6400D8C285 /* Easy_013_Roman_To_Integer_Test.swift */; };
/* End PBXBuildFile section */

/* Begin PBXContainerItemProxy section */
		50A7F7E71AA9970700F84E86 /* PBXContainerItemProxy */ = {
			isa = PBXContainerItemProxy;
			containerPortal = 50A7F7C91AA9970700F84E86 /* Project object */;
			proxyType = 1;
			remoteGlobalIDString = 50A7F7D01AA9970700F84E86;
			remoteInfo = Solutions;
		};
/* End PBXContainerItemProxy section */

/* Begin PBXFileReference section */
		50A7F7D11AA9970700F84E86 /* Solutions.app */ = {isa = PBXFileReference; explicitFileType = wrapper.application; includeInIndex = 0; path = Solutions.app; sourceTree = BUILT_PRODUCTS_DIR; };
		50A7F7D51AA9970700F84E86 /* Info.plist */ = {isa = PBXFileReference; lastKnownFileType = text.plist.xml; path = Info.plist; sourceTree = "<group>"; };
		50A7F7D61AA9970700F84E86 /* AppDelegate.swift */ = {isa = PBXFileReference; lastKnownFileType = sourcecode.swift; path = AppDelegate.swift; sourceTree = "<group>"; };
		50A7F7D81AA9970700F84E86 /* ViewController.swift */ = {isa = PBXFileReference; lastKnownFileType = sourcecode.swift; path = ViewController.swift; sourceTree = "<group>"; };
		50A7F7DB1AA9970700F84E86 /* Base */ = {isa = PBXFileReference; lastKnownFileType = file.storyboard; name = Base; path = Base.lproj/Main.storyboard; sourceTree = "<group>"; };
		50A7F7DD1AA9970700F84E86 /* Images.xcassets */ = {isa = PBXFileReference; lastKnownFileType = folder.assetcatalog; path = Images.xcassets; sourceTree = "<group>"; };
		50A7F7E01AA9970700F84E86 /* Base */ = {isa = PBXFileReference; lastKnownFileType = file.xib; name = Base; path = Base.lproj/LaunchScreen.xib; sourceTree = "<group>"; };
		50A7F7E61AA9970700F84E86 /* SolutionsTests.xctest */ = {isa = PBXFileReference; explicitFileType = wrapper.cfbundle; includeInIndex = 0; path = SolutionsTests.xctest; sourceTree = BUILT_PRODUCTS_DIR; };
		50A7F7EB1AA9970700F84E86 /* Info.plist */ = {isa = PBXFileReference; lastKnownFileType = text.plist.xml; path = Info.plist; sourceTree = "<group>"; };
		50A7F7F91AA999C900F84E86 /* Easy_006_ZigZag_Conversion.swift */ = {isa = PBXFileReference; fileEncoding = 4; lastKnownFileType = sourcecode.swift; name = Easy_006_ZigZag_Conversion.swift; path = Easy/Easy_006_ZigZag_Conversion.swift; sourceTree = "<group>"; };
		50A7F7FF1AA99B8400F84E86 /* Easy_006_ZigZag_Conversion_Test.swift */ = {isa = PBXFileReference; fileEncoding = 4; lastKnownFileType = sourcecode.swift; name = Easy_006_ZigZag_Conversion_Test.swift; path = Easy/Easy_006_ZigZag_Conversion_Test.swift; sourceTree = "<group>"; };
		50A7F8021AA9A3CA00F84E86 /* Medium_001_Two_Sum.swift */ = {isa = PBXFileReference; fileEncoding = 4; lastKnownFileType = sourcecode.swift; name = Medium_001_Two_Sum.swift; path = Medium/Medium_001_Two_Sum.swift; sourceTree = "<group>"; };
		50A7F8051AA9A3E700F84E86 /* Medium_001_Two_Sum_Test.swift */ = {isa = PBXFileReference; fileEncoding = 4; lastKnownFileType = sourcecode.swift; name = Medium_001_Two_Sum_Test.swift; path = Medium/Medium_001_Two_Sum_Test.swift; sourceTree = "<group>"; };
		50E1BFB91AD28EAC009308B6 /* Medium_015_3Sum.swift */ = {isa = PBXFileReference; fileEncoding = 4; lastKnownFileType = sourcecode.swift; name = Medium_015_3Sum.swift; path = Medium/Medium_015_3Sum.swift; sourceTree = "<group>"; };
		50E1BFBC1AD28EC6009308B6 /* Medium_015_3Sum_Test.swift */ = {isa = PBXFileReference; fileEncoding = 4; lastKnownFileType = sourcecode.swift; name = Medium_015_3Sum_Test.swift; path = Medium/Medium_015_3Sum_Test.swift; sourceTree = "<group>"; };
		5263CF561AC79C130073631F /* Medium_011_Container_With_Most_Water_Test.swift */ = {isa = PBXFileReference; fileEncoding = 4; lastKnownFileType = sourcecode.swift; name = Medium_011_Container_With_Most_Water_Test.swift; path = Medium/Medium_011_Container_With_Most_Water_Test.swift; sourceTree = "<group>"; };
		5263CF581AC79C590073631F /* Medium_011_Container_With_Most_Water.swift */ = {isa = PBXFileReference; fileEncoding = 4; lastKnownFileType = sourcecode.swift; name = Medium_011_Container_With_Most_Water.swift; path = Medium/Medium_011_Container_With_Most_Water.swift; sourceTree = "<group>"; };
		5263CF5B1AC7D9990073631F /* Medium_012_Integer_To_Roman.swift */ = {isa = PBXFileReference; fileEncoding = 4; lastKnownFileType = sourcecode.swift; name = Medium_012_Integer_To_Roman.swift; path = Medium/Medium_012_Integer_To_Roman.swift; sourceTree = "<group>"; };
		5263CF5E1AC7D9AF0073631F /* Medium_012_Integer_To_Roman_Test.swift */ = {isa = PBXFileReference; fileEncoding = 4; lastKnownFileType = sourcecode.swift; name = Medium_012_Integer_To_Roman_Test.swift; path = Medium/Medium_012_Integer_To_Roman_Test.swift; sourceTree = "<group>"; };
		91394F341AC3EE56003DFF08 /* Medium_002_Add_Two_Numbers.swift */ = {isa = PBXFileReference; fileEncoding = 4; lastKnownFileType = sourcecode.swift; name = Medium_002_Add_Two_Numbers.swift; path = Medium/Medium_002_Add_Two_Numbers.swift; sourceTree = "<group>"; };
		91394F371AC3F398003DFF08 /* Medium_002_Add_Two_Numbers_Test.swift */ = {isa = PBXFileReference; fileEncoding = 4; lastKnownFileType = sourcecode.swift; name = Medium_002_Add_Two_Numbers_Test.swift; path = Medium/Medium_002_Add_Two_Numbers_Test.swift; sourceTree = "<group>"; };
		91492D571AC5851E00D3A514 /* Easy_007_Reverse_Integer.swift */ = {isa = PBXFileReference; fileEncoding = 4; lastKnownFileType = sourcecode.swift; name = Easy_007_Reverse_Integer.swift; path = Easy/Easy_007_Reverse_Integer.swift; sourceTree = "<group>"; };
		91492D5A1AC5860F00D3A514 /* Easy_007_Reverse_Integer_Test.swift */ = {isa = PBXFileReference; fileEncoding = 4; lastKnownFileType = sourcecode.swift; name = Easy_007_Reverse_Integer_Test.swift; path = Easy/Easy_007_Reverse_Integer_Test.swift; sourceTree = "<group>"; };
		91492D5C1AC58A0800D3A514 /* Easy_008_String_to_Integer_atoi.swift */ = {isa = PBXFileReference; fileEncoding = 4; lastKnownFileType = sourcecode.swift; name = Easy_008_String_to_Integer_atoi.swift; path = Easy/Easy_008_String_to_Integer_atoi.swift; sourceTree = "<group>"; };
		91492D5F1AC58A9E00D3A514 /* Easy_008_String_to_Integer_atoi_Test.swift */ = {isa = PBXFileReference; fileEncoding = 4; lastKnownFileType = sourcecode.swift; name = Easy_008_String_to_Integer_atoi_Test.swift; path = Easy/Easy_008_String_to_Integer_atoi_Test.swift; sourceTree = "<group>"; };
		91492D611AC58D2E00D3A514 /* Easy_009_Palindrome_Number.swift */ = {isa = PBXFileReference; fileEncoding = 4; lastKnownFileType = sourcecode.swift; name = Easy_009_Palindrome_Number.swift; path = Easy/Easy_009_Palindrome_Number.swift; sourceTree = "<group>"; };
		91492D641AC58D4200D3A514 /* Easy_009_Palindrome_Number_Test.swift */ = {isa = PBXFileReference; fileEncoding = 4; lastKnownFileType = sourcecode.swift; name = Easy_009_Palindrome_Number_Test.swift; path = Easy/Easy_009_Palindrome_Number_Test.swift; sourceTree = "<group>"; };
		91492D661AC58F6000D3A514 /* Hard_010_Regular_Expression_Matching.swift */ = {isa = PBXFileReference; fileEncoding = 4; lastKnownFileType = sourcecode.swift; name = Hard_010_Regular_Expression_Matching.swift; path = Hard/Hard_010_Regular_Expression_Matching.swift; sourceTree = "<group>"; };
		91492D691AC58F7A00D3A514 /* Hard_010_Regular_Expression_Matching_Test.swift */ = {isa = PBXFileReference; fileEncoding = 4; lastKnownFileType = sourcecode.swift; name = Hard_010_Regular_Expression_Matching_Test.swift; path = Hard/Hard_010_Regular_Expression_Matching_Test.swift; sourceTree = "<group>"; };
		91A29F151AC541F800E03380 /* Medium_003_Longest_Substring_Without_Repeating_Characters.swift */ = {isa = PBXFileReference; fileEncoding = 4; lastKnownFileType = sourcecode.swift; name = Medium_003_Longest_Substring_Without_Repeating_Characters.swift; path = Medium/Medium_003_Longest_Substring_Without_Repeating_Characters.swift; sourceTree = "<group>"; };
		91AE3A001AC54E00007EAEBA /* Medium_003_Longest_Substring_Without_Repeating_Characters_Test.swift */ = {isa = PBXFileReference; fileEncoding = 4; lastKnownFileType = sourcecode.swift; name = Medium_003_Longest_Substring_Without_Repeating_Characters_Test.swift; path = Medium/Medium_003_Longest_Substring_Without_Repeating_Characters_Test.swift; sourceTree = "<group>"; };
		91AE3A021AC550C5007EAEBA /* Hard_004_Median_Of_Two_Sorted_Arrays.swift */ = {isa = PBXFileReference; fileEncoding = 4; lastKnownFileType = sourcecode.swift; name = Hard_004_Median_Of_Two_Sorted_Arrays.swift; path = Hard/Hard_004_Median_Of_Two_Sorted_Arrays.swift; sourceTree = "<group>"; };
		91AE3A051AC55146007EAEBA /* Hard_004_Median_Of_Two_Sorted_Arrays_Test.swift */ = {isa = PBXFileReference; fileEncoding = 4; lastKnownFileType = sourcecode.swift; name = Hard_004_Median_Of_Two_Sorted_Arrays_Test.swift; path = Hard/Hard_004_Median_Of_Two_Sorted_Arrays_Test.swift; sourceTree = "<group>"; };
		91AE3A081AC559F6007EAEBA /* Medium_005_Longest_Palindromic_Substring.swift */ = {isa = PBXFileReference; fileEncoding = 4; lastKnownFileType = sourcecode.swift; name = Medium_005_Longest_Palindromic_Substring.swift; path = Medium/Medium_005_Longest_Palindromic_Substring.swift; sourceTree = "<group>"; };
		91AE3A0B1AC55AC3007EAEBA /* Medium_005_Longest_Palindromic_Substring_Test.swift */ = {isa = PBXFileReference; fileEncoding = 4; lastKnownFileType = sourcecode.swift; name = Medium_005_Longest_Palindromic_Substring_Test.swift; path = Medium/Medium_005_Longest_Palindromic_Substring_Test.swift; sourceTree = "<group>"; };
		91DCF23B1AC9134500F9CB65 /* Easy_014_Longest_Common_Prefix.swift */ = {isa = PBXFileReference; fileEncoding = 4; lastKnownFileType = sourcecode.swift; name = Easy_014_Longest_Common_Prefix.swift; path = Easy/Easy_014_Longest_Common_Prefix.swift; sourceTree = "<group>"; };
		91DCF23E1AC9135500F9CB65 /* Easy_014_Longest_Common_Prefix_Test.swift */ = {isa = PBXFileReference; fileEncoding = 4; lastKnownFileType = sourcecode.swift; name = Easy_014_Longest_Common_Prefix_Test.swift; path = Easy/Easy_014_Longest_Common_Prefix_Test.swift; sourceTree = "<group>"; };
		91DCF2401AC9207900F9CB65 /* SolutionsTestsHelper.swift */ = {isa = PBXFileReference; fileEncoding = 4; lastKnownFileType = sourcecode.swift; path = SolutionsTestsHelper.swift; sourceTree = "<group>"; };
		91EF6D6E1AC8EF4E00D8C285 /* Easy_013_Roman_To_Integer.swift */ = {isa = PBXFileReference; fileEncoding = 4; lastKnownFileType = sourcecode.swift; name = Easy_013_Roman_To_Integer.swift; path = Easy/Easy_013_Roman_To_Integer.swift; sourceTree = "<group>"; };
		91EF6D711AC8EF6400D8C285 /* Easy_013_Roman_To_Integer_Test.swift */ = {isa = PBXFileReference; fileEncoding = 4; lastKnownFileType = sourcecode.swift; name = Easy_013_Roman_To_Integer_Test.swift; path = Easy/Easy_013_Roman_To_Integer_Test.swift; sourceTree = "<group>"; };
/* End PBXFileReference section */

/* Begin PBXFrameworksBuildPhase section */
		50A7F7CE1AA9970700F84E86 /* Frameworks */ = {
			isa = PBXFrameworksBuildPhase;
			buildActionMask = 2147483647;
			files = (
			);
			runOnlyForDeploymentPostprocessing = 0;
		};
		50A7F7E31AA9970700F84E86 /* Frameworks */ = {
			isa = PBXFrameworksBuildPhase;
			buildActionMask = 2147483647;
			files = (
			);
			runOnlyForDeploymentPostprocessing = 0;
		};
/* End PBXFrameworksBuildPhase section */

/* Begin PBXGroup section */
		50A7F7C81AA9970700F84E86 = {
			isa = PBXGroup;
			children = (
				50A7F7D31AA9970700F84E86 /* Solutions */,
				50A7F7E91AA9970700F84E86 /* SolutionsTests */,
				50A7F7D21AA9970700F84E86 /* Products */,
			);
			sourceTree = "<group>";
		};
		50A7F7D21AA9970700F84E86 /* Products */ = {
			isa = PBXGroup;
			children = (
				50A7F7D11AA9970700F84E86 /* Solutions.app */,
				50A7F7E61AA9970700F84E86 /* SolutionsTests.xctest */,
			);
			name = Products;
			sourceTree = "<group>";
		};
		50A7F7D31AA9970700F84E86 /* Solutions */ = {
			isa = PBXGroup;
			children = (
				50A7F7F81AA9992600F84E86 /* Hard */,
				50A7F7F71AA9992000F84E86 /* Medium */,
				50A7F7F61AA9991100F84E86 /* Easy */,
				50A7F7D61AA9970700F84E86 /* AppDelegate.swift */,
				50A7F7D81AA9970700F84E86 /* ViewController.swift */,
				50A7F7DA1AA9970700F84E86 /* Main.storyboard */,
				50A7F7DD1AA9970700F84E86 /* Images.xcassets */,
				50A7F7DF1AA9970700F84E86 /* LaunchScreen.xib */,
				50A7F7D41AA9970700F84E86 /* Supporting Files */,
			);
			path = Solutions;
			sourceTree = "<group>";
		};
		50A7F7D41AA9970700F84E86 /* Supporting Files */ = {
			isa = PBXGroup;
			children = (
				50A7F7D51AA9970700F84E86 /* Info.plist */,
			);
			name = "Supporting Files";
			sourceTree = "<group>";
		};
		50A7F7E91AA9970700F84E86 /* SolutionsTests */ = {
			isa = PBXGroup;
			children = (
				91DCF2401AC9207900F9CB65 /* SolutionsTestsHelper.swift */,
				50A7F7FD1AA99B2900F84E86 /* Hard */,
				50A7F7FC1AA99B2300F84E86 /* Medium */,
				50A7F7FB1AA99B1C00F84E86 /* Easy */,
				50A7F7EA1AA9970700F84E86 /* Supporting Files */,
			);
			path = SolutionsTests;
			sourceTree = "<group>";
		};
		50A7F7EA1AA9970700F84E86 /* Supporting Files */ = {
			isa = PBXGroup;
			children = (
				50A7F7EB1AA9970700F84E86 /* Info.plist */,
			);
			name = "Supporting Files";
			sourceTree = "<group>";
		};
		50A7F7F61AA9991100F84E86 /* Easy */ = {
			isa = PBXGroup;
			children = (
				50A7F7F91AA999C900F84E86 /* Easy_006_ZigZag_Conversion.swift */,
				91492D571AC5851E00D3A514 /* Easy_007_Reverse_Integer.swift */,
				91492D5C1AC58A0800D3A514 /* Easy_008_String_to_Integer_atoi.swift */,
				91492D611AC58D2E00D3A514 /* Easy_009_Palindrome_Number.swift */,
				91EF6D6E1AC8EF4E00D8C285 /* Easy_013_Roman_To_Integer.swift */,
				91DCF23B1AC9134500F9CB65 /* Easy_014_Longest_Common_Prefix.swift */,
			);
			name = Easy;
			sourceTree = "<group>";
		};
		50A7F7F71AA9992000F84E86 /* Medium */ = {
			isa = PBXGroup;
			children = (
				50A7F8021AA9A3CA00F84E86 /* Medium_001_Two_Sum.swift */,
				91394F341AC3EE56003DFF08 /* Medium_002_Add_Two_Numbers.swift */,
				91A29F151AC541F800E03380 /* Medium_003_Longest_Substring_Without_Repeating_Characters.swift */,
				91AE3A081AC559F6007EAEBA /* Medium_005_Longest_Palindromic_Substring.swift */,
				5263CF581AC79C590073631F /* Medium_011_Container_With_Most_Water.swift */,
				5263CF5B1AC7D9990073631F /* Medium_012_Integer_To_Roman.swift */,
				50E1BFB91AD28EAC009308B6 /* Medium_015_3Sum.swift */,
			);
			name = Medium;
			sourceTree = "<group>";
		};
		50A7F7F81AA9992600F84E86 /* Hard */ = {
			isa = PBXGroup;
			children = (
				91AE3A021AC550C5007EAEBA /* Hard_004_Median_Of_Two_Sorted_Arrays.swift */,
				91492D661AC58F6000D3A514 /* Hard_010_Regular_Expression_Matching.swift */,
			);
			name = Hard;
			sourceTree = "<group>";
		};
		50A7F7FB1AA99B1C00F84E86 /* Easy */ = {
			isa = PBXGroup;
			children = (
				50A7F7FF1AA99B8400F84E86 /* Easy_006_ZigZag_Conversion_Test.swift */,
				91492D5A1AC5860F00D3A514 /* Easy_007_Reverse_Integer_Test.swift */,
				91492D5F1AC58A9E00D3A514 /* Easy_008_String_to_Integer_atoi_Test.swift */,
				91492D641AC58D4200D3A514 /* Easy_009_Palindrome_Number_Test.swift */,
				91EF6D711AC8EF6400D8C285 /* Easy_013_Roman_To_Integer_Test.swift */,
				91DCF23E1AC9135500F9CB65 /* Easy_014_Longest_Common_Prefix_Test.swift */,
			);
			name = Easy;
			sourceTree = "<group>";
		};
		50A7F7FC1AA99B2300F84E86 /* Medium */ = {
			isa = PBXGroup;
			children = (
				50A7F8051AA9A3E700F84E86 /* Medium_001_Two_Sum_Test.swift */,
				91394F371AC3F398003DFF08 /* Medium_002_Add_Two_Numbers_Test.swift */,
				91AE3A001AC54E00007EAEBA /* Medium_003_Longest_Substring_Without_Repeating_Characters_Test.swift */,
				91AE3A0B1AC55AC3007EAEBA /* Medium_005_Longest_Palindromic_Substring_Test.swift */,
				5263CF561AC79C130073631F /* Medium_011_Container_With_Most_Water_Test.swift */,
				5263CF5E1AC7D9AF0073631F /* Medium_012_Integer_To_Roman_Test.swift */,
				50E1BFBC1AD28EC6009308B6 /* Medium_015_3Sum_Test.swift */,
			);
			name = Medium;
			sourceTree = "<group>";
		};
		50A7F7FD1AA99B2900F84E86 /* Hard */ = {
			isa = PBXGroup;
			children = (
				91AE3A051AC55146007EAEBA /* Hard_004_Median_Of_Two_Sorted_Arrays_Test.swift */,
				91492D691AC58F7A00D3A514 /* Hard_010_Regular_Expression_Matching_Test.swift */,
			);
			name = Hard;
			sourceTree = "<group>";
		};
/* End PBXGroup section */

/* Begin PBXNativeTarget section */
		50A7F7D01AA9970700F84E86 /* Solutions */ = {
			isa = PBXNativeTarget;
			buildConfigurationList = 50A7F7F01AA9970700F84E86 /* Build configuration list for PBXNativeTarget "Solutions" */;
			buildPhases = (
				50A7F7CD1AA9970700F84E86 /* Sources */,
				50A7F7CE1AA9970700F84E86 /* Frameworks */,
				50A7F7CF1AA9970700F84E86 /* Resources */,
			);
			buildRules = (
			);
			dependencies = (
			);
			name = Solutions;
			productName = Solutions;
			productReference = 50A7F7D11AA9970700F84E86 /* Solutions.app */;
			productType = "com.apple.product-type.application";
		};
		50A7F7E51AA9970700F84E86 /* SolutionsTests */ = {
			isa = PBXNativeTarget;
			buildConfigurationList = 50A7F7F31AA9970700F84E86 /* Build configuration list for PBXNativeTarget "SolutionsTests" */;
			buildPhases = (
				50A7F7E21AA9970700F84E86 /* Sources */,
				50A7F7E31AA9970700F84E86 /* Frameworks */,
				50A7F7E41AA9970700F84E86 /* Resources */,
			);
			buildRules = (
			);
			dependencies = (
				50A7F7E81AA9970700F84E86 /* PBXTargetDependency */,
			);
			name = SolutionsTests;
			productName = SolutionsTests;
			productReference = 50A7F7E61AA9970700F84E86 /* SolutionsTests.xctest */;
			productType = "com.apple.product-type.bundle.unit-test";
		};
/* End PBXNativeTarget section */

/* Begin PBXProject section */
		50A7F7C91AA9970700F84E86 /* Project object */ = {
			isa = PBXProject;
			attributes = {
				LastUpgradeCheck = 0630;
				ORGANIZATIONNAME = diwu;
				TargetAttributes = {
					50A7F7D01AA9970700F84E86 = {
						CreatedOnToolsVersion = 6.3;
					};
					50A7F7E51AA9970700F84E86 = {
						CreatedOnToolsVersion = 6.3;
						TestTargetID = 50A7F7D01AA9970700F84E86;
					};
				};
			};
			buildConfigurationList = 50A7F7CC1AA9970700F84E86 /* Build configuration list for PBXProject "Solutions" */;
			compatibilityVersion = "Xcode 3.2";
			developmentRegion = English;
			hasScannedForEncodings = 0;
			knownRegions = (
				en,
				Base,
			);
			mainGroup = 50A7F7C81AA9970700F84E86;
			productRefGroup = 50A7F7D21AA9970700F84E86 /* Products */;
			projectDirPath = "";
			projectRoot = "";
			targets = (
				50A7F7D01AA9970700F84E86 /* Solutions */,
				50A7F7E51AA9970700F84E86 /* SolutionsTests */,
			);
		};
/* End PBXProject section */

/* Begin PBXResourcesBuildPhase section */
		50A7F7CF1AA9970700F84E86 /* Resources */ = {
			isa = PBXResourcesBuildPhase;
			buildActionMask = 2147483647;
			files = (
				50A7F7DC1AA9970700F84E86 /* Main.storyboard in Resources */,
				50A7F7E11AA9970700F84E86 /* LaunchScreen.xib in Resources */,
				50A7F7DE1AA9970700F84E86 /* Images.xcassets in Resources */,
			);
			runOnlyForDeploymentPostprocessing = 0;
		};
		50A7F7E41AA9970700F84E86 /* Resources */ = {
			isa = PBXResourcesBuildPhase;
			buildActionMask = 2147483647;
			files = (
			);
			runOnlyForDeploymentPostprocessing = 0;
		};
/* End PBXResourcesBuildPhase section */

/* Begin PBXSourcesBuildPhase section */
		50A7F7CD1AA9970700F84E86 /* Sources */ = {
			isa = PBXSourcesBuildPhase;
			buildActionMask = 2147483647;
			files = (
				5263CF5C1AC7D9990073631F /* Medium_012_Integer_To_Roman.swift in Sources */,
				91DCF23C1AC9134500F9CB65 /* Easy_014_Longest_Common_Prefix.swift in Sources */,
				91394F351AC3EE56003DFF08 /* Medium_002_Add_Two_Numbers.swift in Sources */,
				5263CF591AC79C590073631F /* Medium_011_Container_With_Most_Water.swift in Sources */,
				50A7F7D91AA9970700F84E86 /* ViewController.swift in Sources */,
				91AE3A091AC559F6007EAEBA /* Medium_005_Longest_Palindromic_Substring.swift in Sources */,
				91492D5D1AC58A0800D3A514 /* Easy_008_String_to_Integer_atoi.swift in Sources */,
				91492D581AC5851E00D3A514 /* Easy_007_Reverse_Integer.swift in Sources */,
				50A7F8031AA9A3CA00F84E86 /* Medium_001_Two_Sum.swift in Sources */,
				91492D671AC58F6000D3A514 /* Hard_010_Regular_Expression_Matching.swift in Sources */,
				91AE3A031AC550C5007EAEBA /* Hard_004_Median_Of_Two_Sorted_Arrays.swift in Sources */,
				50A7F7FA1AA999C900F84E86 /* Easy_006_ZigZag_Conversion.swift in Sources */,
				91A29F161AC541F800E03380 /* Medium_003_Longest_Substring_Without_Repeating_Characters.swift in Sources */,
				50A7F7D71AA9970700F84E86 /* AppDelegate.swift in Sources */,
				91EF6D6F1AC8EF4E00D8C285 /* Easy_013_Roman_To_Integer.swift in Sources */,
				91492D621AC58D2E00D3A514 /* Easy_009_Palindrome_Number.swift in Sources */,
				50E1BFBA1AD28EAC009308B6 /* Medium_015_3Sum.swift in Sources */,
			);
			runOnlyForDeploymentPostprocessing = 0;
		};
		50A7F7E21AA9970700F84E86 /* Sources */ = {
			isa = PBXSourcesBuildPhase;
			buildActionMask = 2147483647;
			files = (
				50E1BFBD1AD28EC6009308B6 /* Medium_015_3Sum_Test.swift in Sources */,
				91492D681AC58F6000D3A514 /* Hard_010_Regular_Expression_Matching.swift in Sources */,
				91AE3A071AC55146007EAEBA /* Hard_004_Median_Of_Two_Sorted_Arrays_Test.swift in Sources */,
				91AE3A041AC550C5007EAEBA /* Hard_004_Median_Of_Two_Sorted_Arrays.swift in Sources */,
				91394F361AC3EE56003DFF08 /* Medium_002_Add_Two_Numbers.swift in Sources */,
				50A7F8011AA99E5100F84E86 /* Easy_006_ZigZag_Conversion.swift in Sources */,
				5263CF571AC79C130073631F /* Medium_011_Container_With_Most_Water_Test.swift in Sources */,
				5263CF5A1AC79C590073631F /* Medium_011_Container_With_Most_Water.swift in Sources */,
				91DCF23D1AC9134500F9CB65 /* Easy_014_Longest_Common_Prefix.swift in Sources */,
				50A7F8061AA9A3E700F84E86 /* Medium_001_Two_Sum_Test.swift in Sources */,
				91EF6D701AC8EF4E00D8C285 /* Easy_013_Roman_To_Integer.swift in Sources */,
				91492D6A1AC58F7A00D3A514 /* Hard_010_Regular_Expression_Matching_Test.swift in Sources */,
				91DCF2411AC9207900F9CB65 /* SolutionsTestsHelper.swift in Sources */,
				91EF6D721AC8EF6400D8C285 /* Easy_013_Roman_To_Integer_Test.swift in Sources */,
				91492D651AC58D4200D3A514 /* Easy_009_Palindrome_Number_Test.swift in Sources */,
				91A29F171AC541F800E03380 /* Medium_003_Longest_Substring_Without_Repeating_Characters.swift in Sources */,
				91492D591AC5851E00D3A514 /* Easy_007_Reverse_Integer.swift in Sources */,
				91492D5B1AC5860F00D3A514 /* Easy_007_Reverse_Integer_Test.swift in Sources */,
				91492D5E1AC58A0800D3A514 /* Easy_008_String_to_Integer_atoi.swift in Sources */,
				5263CF5F1AC7D9AF0073631F /* Medium_012_Integer_To_Roman_Test.swift in Sources */,
				50E1BFBB1AD28EAC009308B6 /* Medium_015_3Sum.swift in Sources */,
				91AE3A011AC54E00007EAEBA /* Medium_003_Longest_Substring_Without_Repeating_Characters_Test.swift in Sources */,
				50A7F8001AA99B8400F84E86 /* Easy_006_ZigZag_Conversion_Test.swift in Sources */,
				50A7F8041AA9A3CA00F84E86 /* Medium_001_Two_Sum.swift in Sources */,
				91AE3A0A1AC559F6007EAEBA /* Medium_005_Longest_Palindromic_Substring.swift in Sources */,
				91AE3A0D1AC55AC3007EAEBA /* Medium_005_Longest_Palindromic_Substring_Test.swift in Sources */,
				91DCF23F1AC9135500F9CB65 /* Easy_014_Longest_Common_Prefix_Test.swift in Sources */,
				91492D601AC58A9E00D3A514 /* Easy_008_String_to_Integer_atoi_Test.swift in Sources */,
				91492D631AC58D2E00D3A514 /* Easy_009_Palindrome_Number.swift in Sources */,
				5263CF5D1AC7D9990073631F /* Medium_012_Integer_To_Roman.swift in Sources */,
				91394F381AC3F398003DFF08 /* Medium_002_Add_Two_Numbers_Test.swift in Sources */,
			);
			runOnlyForDeploymentPostprocessing = 0;
		};
/* End PBXSourcesBuildPhase section */

/* Begin PBXTargetDependency section */
		50A7F7E81AA9970700F84E86 /* PBXTargetDependency */ = {
			isa = PBXTargetDependency;
			target = 50A7F7D01AA9970700F84E86 /* Solutions */;
			targetProxy = 50A7F7E71AA9970700F84E86 /* PBXContainerItemProxy */;
		};
/* End PBXTargetDependency section */

/* Begin PBXVariantGroup section */
		50A7F7DA1AA9970700F84E86 /* Main.storyboard */ = {
			isa = PBXVariantGroup;
			children = (
				50A7F7DB1AA9970700F84E86 /* Base */,
			);
			name = Main.storyboard;
			sourceTree = "<group>";
		};
		50A7F7DF1AA9970700F84E86 /* LaunchScreen.xib */ = {
			isa = PBXVariantGroup;
			children = (
				50A7F7E01AA9970700F84E86 /* Base */,
			);
			name = LaunchScreen.xib;
			sourceTree = "<group>";
		};
/* End PBXVariantGroup section */

/* Begin XCBuildConfiguration section */
		50A7F7EE1AA9970700F84E86 /* Debug */ = {
			isa = XCBuildConfiguration;
			buildSettings = {
				ALWAYS_SEARCH_USER_PATHS = NO;
				CLANG_CXX_LANGUAGE_STANDARD = "gnu++0x";
				CLANG_CXX_LIBRARY = "libc++";
				CLANG_ENABLE_MODULES = YES;
				CLANG_ENABLE_OBJC_ARC = YES;
				CLANG_WARN_BOOL_CONVERSION = YES;
				CLANG_WARN_CONSTANT_CONVERSION = YES;
				CLANG_WARN_DIRECT_OBJC_ISA_USAGE = YES_ERROR;
				CLANG_WARN_EMPTY_BODY = YES;
				CLANG_WARN_ENUM_CONVERSION = YES;
				CLANG_WARN_INT_CONVERSION = YES;
				CLANG_WARN_OBJC_ROOT_CLASS = YES_ERROR;
				CLANG_WARN_UNREACHABLE_CODE = YES;
				CLANG_WARN__DUPLICATE_METHOD_MATCH = YES;
				"CODE_SIGN_IDENTITY[sdk=iphoneos*]" = "iPhone Developer";
				COPY_PHASE_STRIP = NO;
				DEBUG_INFORMATION_FORMAT = dwarf;
				ENABLE_STRICT_OBJC_MSGSEND = YES;
				GCC_C_LANGUAGE_STANDARD = gnu99;
				GCC_DYNAMIC_NO_PIC = NO;
				GCC_OPTIMIZATION_LEVEL = 0;
				GCC_PREPROCESSOR_DEFINITIONS = (
					"DEBUG=1",
					"$(inherited)",
				);
				GCC_SYMBOLS_PRIVATE_EXTERN = NO;
				GCC_WARN_64_TO_32_BIT_CONVERSION = YES;
				GCC_WARN_ABOUT_RETURN_TYPE = YES_ERROR;
				GCC_WARN_UNDECLARED_SELECTOR = YES;
				GCC_WARN_UNINITIALIZED_AUTOS = YES_AGGRESSIVE;
				GCC_WARN_UNUSED_FUNCTION = YES;
				GCC_WARN_UNUSED_VARIABLE = YES;
				IPHONEOS_DEPLOYMENT_TARGET = 8.3;
				MTL_ENABLE_DEBUG_INFO = YES;
				ONLY_ACTIVE_ARCH = YES;
				SDKROOT = iphoneos;
				SWIFT_OPTIMIZATION_LEVEL = "-Onone";
			};
			name = Debug;
		};
		50A7F7EF1AA9970700F84E86 /* Release */ = {
			isa = XCBuildConfiguration;
			buildSettings = {
				ALWAYS_SEARCH_USER_PATHS = NO;
				CLANG_CXX_LANGUAGE_STANDARD = "gnu++0x";
				CLANG_CXX_LIBRARY = "libc++";
				CLANG_ENABLE_MODULES = YES;
				CLANG_ENABLE_OBJC_ARC = YES;
				CLANG_WARN_BOOL_CONVERSION = YES;
				CLANG_WARN_CONSTANT_CONVERSION = YES;
				CLANG_WARN_DIRECT_OBJC_ISA_USAGE = YES_ERROR;
				CLANG_WARN_EMPTY_BODY = YES;
				CLANG_WARN_ENUM_CONVERSION = YES;
				CLANG_WARN_INT_CONVERSION = YES;
				CLANG_WARN_OBJC_ROOT_CLASS = YES_ERROR;
				CLANG_WARN_UNREACHABLE_CODE = YES;
				CLANG_WARN__DUPLICATE_METHOD_MATCH = YES;
				"CODE_SIGN_IDENTITY[sdk=iphoneos*]" = "iPhone Developer";
				COPY_PHASE_STRIP = NO;
				DEBUG_INFORMATION_FORMAT = "dwarf-with-dsym";
				ENABLE_NS_ASSERTIONS = NO;
				ENABLE_STRICT_OBJC_MSGSEND = YES;
				GCC_C_LANGUAGE_STANDARD = gnu99;
				GCC_WARN_64_TO_32_BIT_CONVERSION = YES;
				GCC_WARN_ABOUT_RETURN_TYPE = YES_ERROR;
				GCC_WARN_UNDECLARED_SELECTOR = YES;
				GCC_WARN_UNINITIALIZED_AUTOS = YES_AGGRESSIVE;
				GCC_WARN_UNUSED_FUNCTION = YES;
				GCC_WARN_UNUSED_VARIABLE = YES;
				IPHONEOS_DEPLOYMENT_TARGET = 8.3;
				MTL_ENABLE_DEBUG_INFO = NO;
				SDKROOT = iphoneos;
				VALIDATE_PRODUCT = YES;
			};
			name = Release;
		};
		50A7F7F11AA9970700F84E86 /* Debug */ = {
			isa = XCBuildConfiguration;
			buildSettings = {
				ASSETCATALOG_COMPILER_APPICON_NAME = AppIcon;
				GCC_TREAT_WARNINGS_AS_ERRORS = YES;
				INFOPLIST_FILE = Solutions/Info.plist;
				LD_RUNPATH_SEARCH_PATHS = "$(inherited) @executable_path/Frameworks";
				PRODUCT_NAME = "$(TARGET_NAME)";
			};
			name = Debug;
		};
		50A7F7F21AA9970700F84E86 /* Release */ = {
			isa = XCBuildConfiguration;
			buildSettings = {
				ASSETCATALOG_COMPILER_APPICON_NAME = AppIcon;
				GCC_TREAT_WARNINGS_AS_ERRORS = YES;
				INFOPLIST_FILE = Solutions/Info.plist;
				LD_RUNPATH_SEARCH_PATHS = "$(inherited) @executable_path/Frameworks";
				PRODUCT_NAME = "$(TARGET_NAME)";
			};
			name = Release;
		};
		50A7F7F41AA9970700F84E86 /* Debug */ = {
			isa = XCBuildConfiguration;
			buildSettings = {
				BUNDLE_LOADER = "$(TEST_HOST)";
				FRAMEWORK_SEARCH_PATHS = (
					"$(SDKROOT)/Developer/Library/Frameworks",
					"$(inherited)",
				);
				GCC_PREPROCESSOR_DEFINITIONS = (
					"DEBUG=1",
					"$(inherited)",
				);
				INFOPLIST_FILE = SolutionsTests/Info.plist;
				LD_RUNPATH_SEARCH_PATHS = "$(inherited) @executable_path/Frameworks @loader_path/Frameworks";
				PRODUCT_NAME = "$(TARGET_NAME)";
				TEST_HOST = "$(BUILT_PRODUCTS_DIR)/Solutions.app/Solutions";
			};
			name = Debug;
		};
		50A7F7F51AA9970700F84E86 /* Release */ = {
			isa = XCBuildConfiguration;
			buildSettings = {
				BUNDLE_LOADER = "$(TEST_HOST)";
				FRAMEWORK_SEARCH_PATHS = (
					"$(SDKROOT)/Developer/Library/Frameworks",
					"$(inherited)",
				);
				INFOPLIST_FILE = SolutionsTests/Info.plist;
				LD_RUNPATH_SEARCH_PATHS = "$(inherited) @executable_path/Frameworks @loader_path/Frameworks";
				PRODUCT_NAME = "$(TARGET_NAME)";
				TEST_HOST = "$(BUILT_PRODUCTS_DIR)/Solutions.app/Solutions";
			};
			name = Release;
		};
/* End XCBuildConfiguration section */

/* Begin XCConfigurationList section */
		50A7F7CC1AA9970700F84E86 /* Build configuration list for PBXProject "Solutions" */ = {
			isa = XCConfigurationList;
			buildConfigurations = (
				50A7F7EE1AA9970700F84E86 /* Debug */,
				50A7F7EF1AA9970700F84E86 /* Release */,
			);
			defaultConfigurationIsVisible = 0;
			defaultConfigurationName = Release;
		};
		50A7F7F01AA9970700F84E86 /* Build configuration list for PBXNativeTarget "Solutions" */ = {
			isa = XCConfigurationList;
			buildConfigurations = (
				50A7F7F11AA9970700F84E86 /* Debug */,
				50A7F7F21AA9970700F84E86 /* Release */,
			);
			defaultConfigurationIsVisible = 0;
			defaultConfigurationName = Release;
		};
		50A7F7F31AA9970700F84E86 /* Build configuration list for PBXNativeTarget "SolutionsTests" */ = {
			isa = XCConfigurationList;
			buildConfigurations = (
				50A7F7F41AA9970700F84E86 /* Debug */,
				50A7F7F51AA9970700F84E86 /* Release */,
			);
			defaultConfigurationIsVisible = 0;
			defaultConfigurationName = Release;
		};
/* End XCConfigurationList section */
	};
	rootObject = 50A7F7C91AA9970700F84E86 /* Project object */;
}
