// !$*UTF8*$!
{
	archiveVersion = 1;
	classes = {
	};
	objectVersion = 46;
	objects = {

/* Begin PBXBuildFile section */
		50001EF31AF9F90D0060075D /* Hard_025_Reverse_Nodes_In_K_Group.swift in Sources */ = {isa = PBXBuildFile; fileRef = 50001EF21AF9F90D0060075D /* Hard_025_Reverse_Nodes_In_K_Group.swift */; };
		50001EF41AF9F90D0060075D /* Hard_025_Reverse_Nodes_In_K_Group.swift in Sources */ = {isa = PBXBuildFile; fileRef = 50001EF21AF9F90D0060075D /* Hard_025_Reverse_Nodes_In_K_Group.swift */; };
		50001EF61AF9F92D0060075D /* Hard_025_Reverse_Nodes_In_K_Group_Test.swift in Sources */ = {isa = PBXBuildFile; fileRef = 50001EF51AF9F92D0060075D /* Hard_025_Reverse_Nodes_In_K_Group_Test.swift */; };
		50001EF81AFA65970060075D /* Easy_026_Remove_Duplicates_from_Sorted_Array.swift in Sources */ = {isa = PBXBuildFile; fileRef = 50001EF71AFA65960060075D /* Easy_026_Remove_Duplicates_from_Sorted_Array.swift */; };
		50001EF91AFA65970060075D /* Easy_026_Remove_Duplicates_from_Sorted_Array.swift in Sources */ = {isa = PBXBuildFile; fileRef = 50001EF71AFA65960060075D /* Easy_026_Remove_Duplicates_from_Sorted_Array.swift */; };
		50001EFB1AFA65AD0060075D /* Easy_026_Remove_Duplicates_from_Sorted_Array_Test.swift in Sources */ = {isa = PBXBuildFile; fileRef = 50001EFA1AFA65AD0060075D /* Easy_026_Remove_Duplicates_from_Sorted_Array_Test.swift */; };
		5005A8101B0101BD00435B47 /* Hard_033_Search_In_Rotated_Sorted_Array.swift in Sources */ = {isa = PBXBuildFile; fileRef = 5005A80F1B0101BD00435B47 /* Hard_033_Search_In_Rotated_Sorted_Array.swift */; };
		5005A8111B0101BD00435B47 /* Hard_033_Search_In_Rotated_Sorted_Array.swift in Sources */ = {isa = PBXBuildFile; fileRef = 5005A80F1B0101BD00435B47 /* Hard_033_Search_In_Rotated_Sorted_Array.swift */; };
		5005A8131B0101DB00435B47 /* Hard_033_Search_In_Rotated_Sorted_Array_Test.swift in Sources */ = {isa = PBXBuildFile; fileRef = 5005A8121B0101DB00435B47 /* Hard_033_Search_In_Rotated_Sorted_Array_Test.swift */; };
		5005E4DB1AE745AD000810D1 /* Easy_020_Valid_Parentheses.swift in Sources */ = {isa = PBXBuildFile; fileRef = 5005E4DA1AE745AD000810D1 /* Easy_020_Valid_Parentheses.swift */; };
		5005E4DC1AE745AD000810D1 /* Easy_020_Valid_Parentheses.swift in Sources */ = {isa = PBXBuildFile; fileRef = 5005E4DA1AE745AD000810D1 /* Easy_020_Valid_Parentheses.swift */; };
		5005E4DE1AE745C9000810D1 /* Easy_020_Valid_Parentheses_Test.swift in Sources */ = {isa = PBXBuildFile; fileRef = 5005E4DD1AE745C9000810D1 /* Easy_020_Valid_Parentheses_Test.swift */; };
		501E66931B14C5FE00108A45 /* Hard_052_N_Queens_II.swift in Sources */ = {isa = PBXBuildFile; fileRef = 501E66921B14C5FE00108A45 /* Hard_052_N_Queens_II.swift */; };
		501E66941B14C5FE00108A45 /* Hard_052_N_Queens_II.swift in Sources */ = {isa = PBXBuildFile; fileRef = 501E66921B14C5FE00108A45 /* Hard_052_N_Queens_II.swift */; };
		501E66961B14C62300108A45 /* Hard_052_N_Queens_II_Test.swift in Sources */ = {isa = PBXBuildFile; fileRef = 501E66951B14C62300108A45 /* Hard_052_N_Queens_II_Test.swift */; };
		5025298F1B03929200A2AEDF /* Easy_036_Valid_Sudoku.swift in Sources */ = {isa = PBXBuildFile; fileRef = 5025298E1B03929200A2AEDF /* Easy_036_Valid_Sudoku.swift */; };
		502529901B03929200A2AEDF /* Easy_036_Valid_Sudoku.swift in Sources */ = {isa = PBXBuildFile; fileRef = 5025298E1B03929200A2AEDF /* Easy_036_Valid_Sudoku.swift */; };
		502529921B0392B500A2AEDF /* Easy_036_Valid_Sudoku_Test.swift in Sources */ = {isa = PBXBuildFile; fileRef = 502529911B0392B500A2AEDF /* Easy_036_Valid_Sudoku_Test.swift */; };
		502529941B039CCC00A2AEDF /* Hard_037_Sudoku_Solver.swift in Sources */ = {isa = PBXBuildFile; fileRef = 502529931B039CCC00A2AEDF /* Hard_037_Sudoku_Solver.swift */; };
		502529951B039CCC00A2AEDF /* Hard_037_Sudoku_Solver.swift in Sources */ = {isa = PBXBuildFile; fileRef = 502529931B039CCC00A2AEDF /* Hard_037_Sudoku_Solver.swift */; };
		502529971B039CDD00A2AEDF /* Hard_037_Sudoku_Solver_Test.swift in Sources */ = {isa = PBXBuildFile; fileRef = 502529961B039CDD00A2AEDF /* Hard_037_Sudoku_Solver_Test.swift */; };
		50254C981B0F604F0073B873 /* Hard_042_Trapping_Rain_Water.swift in Sources */ = {isa = PBXBuildFile; fileRef = 50254C971B0F604F0073B873 /* Hard_042_Trapping_Rain_Water.swift */; };
		50254C991B0F604F0073B873 /* Hard_042_Trapping_Rain_Water.swift in Sources */ = {isa = PBXBuildFile; fileRef = 50254C971B0F604F0073B873 /* Hard_042_Trapping_Rain_Water.swift */; };
		50254C9B1B0F60740073B873 /* Hard_042_Trapping_Rain_Water_Test.swift in Sources */ = {isa = PBXBuildFile; fileRef = 50254C9A1B0F60740073B873 /* Hard_042_Trapping_Rain_Water_Test.swift */; };
		50254C9D1B0F73AE0073B873 /* Medium_043_Multiply_Strings.swift in Sources */ = {isa = PBXBuildFile; fileRef = 50254C9C1B0F73AE0073B873 /* Medium_043_Multiply_Strings.swift */; };
		50254C9E1B0F73AE0073B873 /* Medium_043_Multiply_Strings.swift in Sources */ = {isa = PBXBuildFile; fileRef = 50254C9C1B0F73AE0073B873 /* Medium_043_Multiply_Strings.swift */; };
		50254CA01B0F73C20073B873 /* Medium_043_Multiply_Strings_Test.swift in Sources */ = {isa = PBXBuildFile; fileRef = 50254C9F1B0F73C20073B873 /* Medium_043_Multiply_Strings_Test.swift */; };
		502A8F771B02352E00BE6CEB /* Medium_034_Search_For_A_Range.swift in Sources */ = {isa = PBXBuildFile; fileRef = 502A8F761B02352E00BE6CEB /* Medium_034_Search_For_A_Range.swift */; };
		502A8F781B02352E00BE6CEB /* Medium_034_Search_For_A_Range.swift in Sources */ = {isa = PBXBuildFile; fileRef = 502A8F761B02352E00BE6CEB /* Medium_034_Search_For_A_Range.swift */; };
		502A8F7A1B02354800BE6CEB /* Medium_034_Search_For_A_Range_Test.swift in Sources */ = {isa = PBXBuildFile; fileRef = 502A8F791B02354800BE6CEB /* Medium_034_Search_For_A_Range_Test.swift */; };
		502A8F7C1B024E4300BE6CEB /* Medium_035_Search_Insert_Position.swift in Sources */ = {isa = PBXBuildFile; fileRef = 502A8F7B1B024E4300BE6CEB /* Medium_035_Search_Insert_Position.swift */; };
		502A8F7D1B024E4300BE6CEB /* Medium_035_Search_Insert_Position.swift in Sources */ = {isa = PBXBuildFile; fileRef = 502A8F7B1B024E4300BE6CEB /* Medium_035_Search_Insert_Position.swift */; };
		502A8F7F1B024E8100BE6CEB /* Medium_035_Search_Insert_Position_Test.swift in Sources */ = {isa = PBXBuildFile; fileRef = 502A8F7E1B024E8100BE6CEB /* Medium_035_Search_Insert_Position_Test.swift */; };
		5030D3971AE8F17F005FADA6 /* Easy_021_Merge_Two_Sorted_Lists.swift in Sources */ = {isa = PBXBuildFile; fileRef = 5030D3961AE8F17F005FADA6 /* Easy_021_Merge_Two_Sorted_Lists.swift */; };
		5030D3981AE8F17F005FADA6 /* Easy_021_Merge_Two_Sorted_Lists.swift in Sources */ = {isa = PBXBuildFile; fileRef = 5030D3961AE8F17F005FADA6 /* Easy_021_Merge_Two_Sorted_Lists.swift */; };
		5030D39A1AE8F1A7005FADA6 /* Easy_021_Merge_Two_Sorted_Lists_Test.swift in Sources */ = {isa = PBXBuildFile; fileRef = 5030D3991AE8F1A7005FADA6 /* Easy_021_Merge_Two_Sorted_Lists_Test.swift */; };
		503981491AFB555900419435 /* Easy_027_Remove_Element.swift in Sources */ = {isa = PBXBuildFile; fileRef = 503981481AFB555900419435 /* Easy_027_Remove_Element.swift */; };
		5039814A1AFB555900419435 /* Easy_027_Remove_Element.swift in Sources */ = {isa = PBXBuildFile; fileRef = 503981481AFB555900419435 /* Easy_027_Remove_Element.swift */; };
		5039814C1AFB556800419435 /* Easy_027_Remove_Element_Test.swift in Sources */ = {isa = PBXBuildFile; fileRef = 5039814B1AFB556800419435 /* Easy_027_Remove_Element_Test.swift */; };
		504D4FA01ADF7E2F002C7BFA /* Medium_016_3Sum_Closest.swift in Sources */ = {isa = PBXBuildFile; fileRef = 504D4F9F1ADF7E2F002C7BFA /* Medium_016_3Sum_Closest.swift */; };
		504D4FA11ADF7E2F002C7BFA /* Medium_016_3Sum_Closest.swift in Sources */ = {isa = PBXBuildFile; fileRef = 504D4F9F1ADF7E2F002C7BFA /* Medium_016_3Sum_Closest.swift */; };
		504D4FA31ADF7E4E002C7BFA /* Medium_016_3Sum_Closest_Test.swift in Sources */ = {isa = PBXBuildFile; fileRef = 504D4FA21ADF7E4E002C7BFA /* Medium_016_3Sum_Closest_Test.swift */; };
		505825B41AF89CA70081F4FA /* Medium_022_Generate_Parentheses.swift in Sources */ = {isa = PBXBuildFile; fileRef = 505825B31AF89CA70081F4FA /* Medium_022_Generate_Parentheses.swift */; };
		505825B51AF89CA70081F4FA /* Medium_022_Generate_Parentheses.swift in Sources */ = {isa = PBXBuildFile; fileRef = 505825B31AF89CA70081F4FA /* Medium_022_Generate_Parentheses.swift */; };
		505825B71AF89D200081F4FA /* Medium_022_Generate_Parentheses_Test.swift in Sources */ = {isa = PBXBuildFile; fileRef = 505825B61AF89D200081F4FA /* Medium_022_Generate_Parentheses_Test.swift */; };
		505838981B0CDE7200372A72 /* Hard_041_First_Missing_Positive.swift in Sources */ = {isa = PBXBuildFile; fileRef = 505838971B0CDE7200372A72 /* Hard_041_First_Missing_Positive.swift */; };
		505838991B0CDE7200372A72 /* Hard_041_First_Missing_Positive.swift in Sources */ = {isa = PBXBuildFile; fileRef = 505838971B0CDE7200372A72 /* Hard_041_First_Missing_Positive.swift */; };
		5058389B1B0CDE8D00372A72 /* Hard_041_First_Missing_Positive_Test.swift in Sources */ = {isa = PBXBuildFile; fileRef = 5058389A1B0CDE8D00372A72 /* Hard_041_First_Missing_Positive_Test.swift */; };
		5064BB7A1B232D19001B24B8 /* Medium_053_Maximum_Subarray.swift in Sources */ = {isa = PBXBuildFile; fileRef = 5064BB791B232D19001B24B8 /* Medium_053_Maximum_Subarray.swift */; };
		5064BB7B1B232D19001B24B8 /* Medium_053_Maximum_Subarray.swift in Sources */ = {isa = PBXBuildFile; fileRef = 5064BB791B232D19001B24B8 /* Medium_053_Maximum_Subarray.swift */; };
		5064BB801B232D59001B24B8 /* Medium_053_Maximum_Subarray_Test.swift in Sources */ = {isa = PBXBuildFile; fileRef = 5064BB7F1B232D59001B24B8 /* Medium_053_Maximum_Subarray_Test.swift */; };
		5064BB821B233453001B24B8 /* Medium_054_Spiral_Matrix.swift in Sources */ = {isa = PBXBuildFile; fileRef = 5064BB811B233453001B24B8 /* Medium_054_Spiral_Matrix.swift */; };
		5064BB831B233453001B24B8 /* Medium_054_Spiral_Matrix.swift in Sources */ = {isa = PBXBuildFile; fileRef = 5064BB811B233453001B24B8 /* Medium_054_Spiral_Matrix.swift */; };
		5064BB851B233469001B24B8 /* Medium_054_Spiral_Matrix_Test.swift in Sources */ = {isa = PBXBuildFile; fileRef = 5064BB841B233469001B24B8 /* Medium_054_Spiral_Matrix_Test.swift */; };
		5081E3E91B1013D500D8FD22 /* Hard_044_Wildcard_Matching.swift in Sources */ = {isa = PBXBuildFile; fileRef = 5081E3E81B1013D500D8FD22 /* Hard_044_Wildcard_Matching.swift */; };
		5081E3EA1B1013D500D8FD22 /* Hard_044_Wildcard_Matching.swift in Sources */ = {isa = PBXBuildFile; fileRef = 5081E3E81B1013D500D8FD22 /* Hard_044_Wildcard_Matching.swift */; };
		5081E3EC1B1014AB00D8FD22 /* Hard_044_Wildcard_Matching_Test.swift in Sources */ = {isa = PBXBuildFile; fileRef = 5081E3EB1B1014AB00D8FD22 /* Hard_044_Wildcard_Matching_Test.swift */; };
		5081E3EE1B10509E00D8FD22 /* Hard_045_Jump_Game_II.swift in Sources */ = {isa = PBXBuildFile; fileRef = 5081E3ED1B10509E00D8FD22 /* Hard_045_Jump_Game_II.swift */; };
		5081E3EF1B10509E00D8FD22 /* Hard_045_Jump_Game_II.swift in Sources */ = {isa = PBXBuildFile; fileRef = 5081E3ED1B10509E00D8FD22 /* Hard_045_Jump_Game_II.swift */; };
		5081E3F11B1050C300D8FD22 /* Hard_045_Jump_Game_II_Test.swift in Sources */ = {isa = PBXBuildFile; fileRef = 5081E3F01B1050C300D8FD22 /* Hard_045_Jump_Game_II_Test.swift */; };
		5081E3F31B10537E00D8FD22 /* Medium_046_Permutations.swift in Sources */ = {isa = PBXBuildFile; fileRef = 5081E3F21B10537E00D8FD22 /* Medium_046_Permutations.swift */; };
		5081E3F41B10537E00D8FD22 /* Medium_046_Permutations.swift in Sources */ = {isa = PBXBuildFile; fileRef = 5081E3F21B10537E00D8FD22 /* Medium_046_Permutations.swift */; };
		5081E3F61B10539100D8FD22 /* Medium_046_Permutations_Test.swift in Sources */ = {isa = PBXBuildFile; fileRef = 5081E3F51B10539100D8FD22 /* Medium_046_Permutations_Test.swift */; };
		5081E3F81B10549900D8FD22 /* Hard_047_Permutations_II.swift in Sources */ = {isa = PBXBuildFile; fileRef = 5081E3F71B10549900D8FD22 /* Hard_047_Permutations_II.swift */; };
		5081E3F91B10549900D8FD22 /* Hard_047_Permutations_II.swift in Sources */ = {isa = PBXBuildFile; fileRef = 5081E3F71B10549900D8FD22 /* Hard_047_Permutations_II.swift */; };
		5081E3FB1B1054A800D8FD22 /* Hard_047_Permutations_II_Test.swift in Sources */ = {isa = PBXBuildFile; fileRef = 5081E3FA1B1054A800D8FD22 /* Hard_047_Permutations_II_Test.swift */; };
		5081E3FD1B1054FF00D8FD22 /* Medium_048_Rotate_Image.swift in Sources */ = {isa = PBXBuildFile; fileRef = 5081E3FC1B1054FF00D8FD22 /* Medium_048_Rotate_Image.swift */; };
		5081E3FE1B1054FF00D8FD22 /* Medium_048_Rotate_Image.swift in Sources */ = {isa = PBXBuildFile; fileRef = 5081E3FC1B1054FF00D8FD22 /* Medium_048_Rotate_Image.swift */; };
		5081E4001B10551300D8FD22 /* Medium_048_Rotate_Image_Test.swift in Sources */ = {isa = PBXBuildFile; fileRef = 5081E3FF1B10551300D8FD22 /* Medium_048_Rotate_Image_Test.swift */; };
		5081E4021B10562F00D8FD22 /* Medium_049_Anagrams.swift in Sources */ = {isa = PBXBuildFile; fileRef = 5081E4011B10562F00D8FD22 /* Medium_049_Anagrams.swift */; };
		5081E4031B10562F00D8FD22 /* Medium_049_Anagrams.swift in Sources */ = {isa = PBXBuildFile; fileRef = 5081E4011B10562F00D8FD22 /* Medium_049_Anagrams.swift */; };
		5081E4051B10564300D8FD22 /* Medium_049_Anagrams_Test.swift in Sources */ = {isa = PBXBuildFile; fileRef = 5081E4041B10564300D8FD22 /* Medium_049_Anagrams_Test.swift */; };
		5081E4071B10572E00D8FD22 /* Medium_050_Pow_X_N.swift in Sources */ = {isa = PBXBuildFile; fileRef = 5081E4061B10572E00D8FD22 /* Medium_050_Pow_X_N.swift */; };
		5081E4081B10572E00D8FD22 /* Medium_050_Pow_X_N.swift in Sources */ = {isa = PBXBuildFile; fileRef = 5081E4061B10572E00D8FD22 /* Medium_050_Pow_X_N.swift */; };
		5081E40A1B10573F00D8FD22 /* Medium_050_Pow_X_N_Test.swift in Sources */ = {isa = PBXBuildFile; fileRef = 5081E4091B10573F00D8FD22 /* Medium_050_Pow_X_N_Test.swift */; };
		5093659F1AE1BD3C00FD41FD /* Medium_017_Letter_Combinations_Of_A_Phone_Number.swift in Sources */ = {isa = PBXBuildFile; fileRef = 5093659E1AE1BD3C00FD41FD /* Medium_017_Letter_Combinations_Of_A_Phone_Number.swift */; };
		509365A01AE1BD3C00FD41FD /* Medium_017_Letter_Combinations_Of_A_Phone_Number.swift in Sources */ = {isa = PBXBuildFile; fileRef = 5093659E1AE1BD3C00FD41FD /* Medium_017_Letter_Combinations_Of_A_Phone_Number.swift */; };
		509365A21AE1BD5B00FD41FD /* Medium_017_Letter_Combinations_Of_A_Phone_Number_Test.swift in Sources */ = {isa = PBXBuildFile; fileRef = 509365A11AE1BD5B00FD41FD /* Medium_017_Letter_Combinations_Of_A_Phone_Number_Test.swift */; };
		509365A41AE23CD600FD41FD /* Medium_018_4Sum.swift in Sources */ = {isa = PBXBuildFile; fileRef = 509365A31AE23CD600FD41FD /* Medium_018_4Sum.swift */; };
		509365A51AE23CD600FD41FD /* Medium_018_4Sum.swift in Sources */ = {isa = PBXBuildFile; fileRef = 509365A31AE23CD600FD41FD /* Medium_018_4Sum.swift */; };
		509365A71AE3515E00FD41FD /* Medium_018_4Sum_Test.swift in Sources */ = {isa = PBXBuildFile; fileRef = 509365A61AE3515E00FD41FD /* Medium_018_4Sum_Test.swift */; };
		509365A91AE4879F00FD41FD /* Easy_019_Remove_Nth_Node_From_End_Of_List.swift in Sources */ = {isa = PBXBuildFile; fileRef = 509365A81AE4879F00FD41FD /* Easy_019_Remove_Nth_Node_From_End_Of_List.swift */; };
		509365AA1AE4879F00FD41FD /* Easy_019_Remove_Nth_Node_From_End_Of_List.swift in Sources */ = {isa = PBXBuildFile; fileRef = 509365A81AE4879F00FD41FD /* Easy_019_Remove_Nth_Node_From_End_Of_List.swift */; };
		509365AC1AE487BB00FD41FD /* Easy_019_Remove_Nth_Node_From_End_Of_List_Test.swift in Sources */ = {isa = PBXBuildFile; fileRef = 509365AB1AE487BB00FD41FD /* Easy_019_Remove_Nth_Node_From_End_Of_List_Test.swift */; };
		5098BC351AF8D9310009964D /* Hard_023_Merge_K_Sorted_Lists.swift in Sources */ = {isa = PBXBuildFile; fileRef = 5098BC341AF8D9310009964D /* Hard_023_Merge_K_Sorted_Lists.swift */; };
		5098BC361AF8D9310009964D /* Hard_023_Merge_K_Sorted_Lists.swift in Sources */ = {isa = PBXBuildFile; fileRef = 5098BC341AF8D9310009964D /* Hard_023_Merge_K_Sorted_Lists.swift */; };
		5098BC381AF8D9480009964D /* Hard_023_Merge_K_Sorted_Lists_Test.swift in Sources */ = {isa = PBXBuildFile; fileRef = 5098BC371AF8D9480009964D /* Hard_023_Merge_K_Sorted_Lists_Test.swift */; };
		5098BC3A1AF90CE90009964D /* Medium_024_Swap_Nodes_In_Pairs.swift in Sources */ = {isa = PBXBuildFile; fileRef = 5098BC391AF90CE90009964D /* Medium_024_Swap_Nodes_In_Pairs.swift */; };
		5098BC3B1AF90CE90009964D /* Medium_024_Swap_Nodes_In_Pairs.swift in Sources */ = {isa = PBXBuildFile; fileRef = 5098BC391AF90CE90009964D /* Medium_024_Swap_Nodes_In_Pairs.swift */; };
		5098BC3D1AF90CFE0009964D /* Medium_024_Swap_Nodes_In_Pairs_Test.swift in Sources */ = {isa = PBXBuildFile; fileRef = 5098BC3C1AF90CFE0009964D /* Medium_024_Swap_Nodes_In_Pairs_Test.swift */; };
		509D38651B00EF7C00E5E2A4 /* Hard_032_Longest_Valid_Parentheses.swift in Sources */ = {isa = PBXBuildFile; fileRef = 509D38641B00EF7C00E5E2A4 /* Hard_032_Longest_Valid_Parentheses.swift */; };
		509D38661B00EF7C00E5E2A4 /* Hard_032_Longest_Valid_Parentheses.swift in Sources */ = {isa = PBXBuildFile; fileRef = 509D38641B00EF7C00E5E2A4 /* Hard_032_Longest_Valid_Parentheses.swift */; };
		509D38681B00EF8D00E5E2A4 /* Hard_032_Longest_Valid_Parentheses_Test.swift in Sources */ = {isa = PBXBuildFile; fileRef = 509D38671B00EF8D00E5E2A4 /* Hard_032_Longest_Valid_Parentheses_Test.swift */; };
		50A765151B10C7CE004F823B /* Hard_051_N_Queens.swift in Sources */ = {isa = PBXBuildFile; fileRef = 50A765141B10C7CE004F823B /* Hard_051_N_Queens.swift */; };
		50A765161B10C7CE004F823B /* Hard_051_N_Queens.swift in Sources */ = {isa = PBXBuildFile; fileRef = 50A765141B10C7CE004F823B /* Hard_051_N_Queens.swift */; };
		50A765181B10C968004F823B /* Hard_051_N_Queens_Test.swift in Sources */ = {isa = PBXBuildFile; fileRef = 50A765171B10C968004F823B /* Hard_051_N_Queens_Test.swift */; };
		50A7F7D71AA9970700F84E86 /* AppDelegate.swift in Sources */ = {isa = PBXBuildFile; fileRef = 50A7F7D61AA9970700F84E86 /* AppDelegate.swift */; };
		50A7F7D91AA9970700F84E86 /* ViewController.swift in Sources */ = {isa = PBXBuildFile; fileRef = 50A7F7D81AA9970700F84E86 /* ViewController.swift */; };
		50A7F7DC1AA9970700F84E86 /* Main.storyboard in Resources */ = {isa = PBXBuildFile; fileRef = 50A7F7DA1AA9970700F84E86 /* Main.storyboard */; };
		50A7F7DE1AA9970700F84E86 /* Images.xcassets in Resources */ = {isa = PBXBuildFile; fileRef = 50A7F7DD1AA9970700F84E86 /* Images.xcassets */; };
		50A7F7E11AA9970700F84E86 /* LaunchScreen.xib in Resources */ = {isa = PBXBuildFile; fileRef = 50A7F7DF1AA9970700F84E86 /* LaunchScreen.xib */; };
		50A7F7FA1AA999C900F84E86 /* Easy_006_ZigZag_Conversion.swift in Sources */ = {isa = PBXBuildFile; fileRef = 50A7F7F91AA999C900F84E86 /* Easy_006_ZigZag_Conversion.swift */; };
		50A7F8001AA99B8400F84E86 /* Easy_006_ZigZag_Conversion_Test.swift in Sources */ = {isa = PBXBuildFile; fileRef = 50A7F7FF1AA99B8400F84E86 /* Easy_006_ZigZag_Conversion_Test.swift */; };
		50A7F8011AA99E5100F84E86 /* Easy_006_ZigZag_Conversion.swift in Sources */ = {isa = PBXBuildFile; fileRef = 50A7F7F91AA999C900F84E86 /* Easy_006_ZigZag_Conversion.swift */; };
		50A7F8031AA9A3CA00F84E86 /* Medium_001_Two_Sum.swift in Sources */ = {isa = PBXBuildFile; fileRef = 50A7F8021AA9A3CA00F84E86 /* Medium_001_Two_Sum.swift */; };
		50A7F8041AA9A3CA00F84E86 /* Medium_001_Two_Sum.swift in Sources */ = {isa = PBXBuildFile; fileRef = 50A7F8021AA9A3CA00F84E86 /* Medium_001_Two_Sum.swift */; };
		50A7F8061AA9A3E700F84E86 /* Medium_001_Two_Sum_Test.swift in Sources */ = {isa = PBXBuildFile; fileRef = 50A7F8051AA9A3E700F84E86 /* Medium_001_Two_Sum_Test.swift */; };
		50AEFEAD1AFF0C8E0059CF1B /* Hard_030_Substring_With_Concatenation_Of_All_Words.swift in Sources */ = {isa = PBXBuildFile; fileRef = 50AEFEAC1AFF0C8E0059CF1B /* Hard_030_Substring_With_Concatenation_Of_All_Words.swift */; };
		50AEFEAE1AFF0C8E0059CF1B /* Hard_030_Substring_With_Concatenation_Of_All_Words.swift in Sources */ = {isa = PBXBuildFile; fileRef = 50AEFEAC1AFF0C8E0059CF1B /* Hard_030_Substring_With_Concatenation_Of_All_Words.swift */; };
		50AEFEB01AFF0CC20059CF1B /* Hard_030_Substring_With_Concatenation_Of_All_Words_Test.swift in Sources */ = {isa = PBXBuildFile; fileRef = 50AEFEAF1AFF0CC20059CF1B /* Hard_030_Substring_With_Concatenation_Of_All_Words_Test.swift */; };
		50AEFEB41AFF6D940059CF1B /* Medium_031_Next_Permutation.swift in Sources */ = {isa = PBXBuildFile; fileRef = 50AEFEB31AFF6D940059CF1B /* Medium_031_Next_Permutation.swift */; };
		50AEFEB51AFF6D940059CF1B /* Medium_031_Next_Permutation.swift in Sources */ = {isa = PBXBuildFile; fileRef = 50AEFEB31AFF6D940059CF1B /* Medium_031_Next_Permutation.swift */; };
		50AEFEB71AFF6DC90059CF1B /* Medium_031_Next_Permutation_Test.swift in Sources */ = {isa = PBXBuildFile; fileRef = 50AEFEB61AFF6DC90059CF1B /* Medium_031_Next_Permutation_Test.swift */; };
		50C788071B0A4BDB00786829 /* Medium_040_Combination_Sum_II.swift in Sources */ = {isa = PBXBuildFile; fileRef = 50C788061B0A4BDB00786829 /* Medium_040_Combination_Sum_II.swift */; };
		50C788081B0A4BDB00786829 /* Medium_040_Combination_Sum_II.swift in Sources */ = {isa = PBXBuildFile; fileRef = 50C788061B0A4BDB00786829 /* Medium_040_Combination_Sum_II.swift */; };
		50C7880A1B0A4BF600786829 /* Medium_040_Combination_Sum_II_Test.swift in Sources */ = {isa = PBXBuildFile; fileRef = 50C788091B0A4BF600786829 /* Medium_040_Combination_Sum_II_Test.swift */; };
		50D0C8EF1AFDF5DE0057BE0A /* Easy_028_Implement_StrStr.swift in Sources */ = {isa = PBXBuildFile; fileRef = 50D0C8EE1AFDF5DE0057BE0A /* Easy_028_Implement_StrStr.swift */; };
		50D0C8F01AFDF5DE0057BE0A /* Easy_028_Implement_StrStr.swift in Sources */ = {isa = PBXBuildFile; fileRef = 50D0C8EE1AFDF5DE0057BE0A /* Easy_028_Implement_StrStr.swift */; };
		50D0C8F21AFDF5FA0057BE0A /* Easy_028_Implement_StrStr_Test.swift in Sources */ = {isa = PBXBuildFile; fileRef = 50D0C8F11AFDF5FA0057BE0A /* Easy_028_Implement_StrStr_Test.swift */; };
		50D0C8F41AFE38340057BE0A /* Medium_029_Divide_Two_Integers.swift in Sources */ = {isa = PBXBuildFile; fileRef = 50D0C8F31AFE38340057BE0A /* Medium_029_Divide_Two_Integers.swift */; };
		50D0C8F51AFE38340057BE0A /* Medium_029_Divide_Two_Integers.swift in Sources */ = {isa = PBXBuildFile; fileRef = 50D0C8F31AFE38340057BE0A /* Medium_029_Divide_Two_Integers.swift */; };
		50D0C8F71AFE38A30057BE0A /* Medium_029_Divide_Two_Integers_Test.swift in Sources */ = {isa = PBXBuildFile; fileRef = 50D0C8F61AFE38A30057BE0A /* Medium_029_Divide_Two_Integers_Test.swift */; };
		50E1BFBA1AD28EAC009308B6 /* Medium_015_3Sum.swift in Sources */ = {isa = PBXBuildFile; fileRef = 50E1BFB91AD28EAC009308B6 /* Medium_015_3Sum.swift */; };
		50E1BFBB1AD28EAC009308B6 /* Medium_015_3Sum.swift in Sources */ = {isa = PBXBuildFile; fileRef = 50E1BFB91AD28EAC009308B6 /* Medium_015_3Sum.swift */; };
		50E1BFBD1AD28EC6009308B6 /* Medium_015_3Sum_Test.swift in Sources */ = {isa = PBXBuildFile; fileRef = 50E1BFBC1AD28EC6009308B6 /* Medium_015_3Sum_Test.swift */; };
		50EC15C31B05790400A231BF /* Easy_038_Count_And_Say.swift in Sources */ = {isa = PBXBuildFile; fileRef = 50EC15C21B05790400A231BF /* Easy_038_Count_And_Say.swift */; };
		50EC15C41B05790400A231BF /* Easy_038_Count_And_Say.swift in Sources */ = {isa = PBXBuildFile; fileRef = 50EC15C21B05790400A231BF /* Easy_038_Count_And_Say.swift */; };
		50EC15C61B05791700A231BF /* Easy_038_Count_And_Say_Test.swift in Sources */ = {isa = PBXBuildFile; fileRef = 50EC15C51B05791700A231BF /* Easy_038_Count_And_Say_Test.swift */; };
		50FF9DB51B08ED1A0066EDA7 /* Medium_039_Combination_Sum.swift in Sources */ = {isa = PBXBuildFile; fileRef = 50FF9DB41B08ED1A0066EDA7 /* Medium_039_Combination_Sum.swift */; };
		50FF9DB61B08ED1A0066EDA7 /* Medium_039_Combination_Sum.swift in Sources */ = {isa = PBXBuildFile; fileRef = 50FF9DB41B08ED1A0066EDA7 /* Medium_039_Combination_Sum.swift */; };
		50FF9DB81B08ED340066EDA7 /* Medium_039_Combination_Sum_Test.swift in Sources */ = {isa = PBXBuildFile; fileRef = 50FF9DB71B08ED340066EDA7 /* Medium_039_Combination_Sum_Test.swift */; };
		5263CF571AC79C130073631F /* Medium_011_Container_With_Most_Water_Test.swift in Sources */ = {isa = PBXBuildFile; fileRef = 5263CF561AC79C130073631F /* Medium_011_Container_With_Most_Water_Test.swift */; };
		5263CF591AC79C590073631F /* Medium_011_Container_With_Most_Water.swift in Sources */ = {isa = PBXBuildFile; fileRef = 5263CF581AC79C590073631F /* Medium_011_Container_With_Most_Water.swift */; };
		5263CF5A1AC79C590073631F /* Medium_011_Container_With_Most_Water.swift in Sources */ = {isa = PBXBuildFile; fileRef = 5263CF581AC79C590073631F /* Medium_011_Container_With_Most_Water.swift */; };
		5263CF5C1AC7D9990073631F /* Medium_012_Integer_To_Roman.swift in Sources */ = {isa = PBXBuildFile; fileRef = 5263CF5B1AC7D9990073631F /* Medium_012_Integer_To_Roman.swift */; };
		5263CF5D1AC7D9990073631F /* Medium_012_Integer_To_Roman.swift in Sources */ = {isa = PBXBuildFile; fileRef = 5263CF5B1AC7D9990073631F /* Medium_012_Integer_To_Roman.swift */; };
		5263CF5F1AC7D9AF0073631F /* Medium_012_Integer_To_Roman_Test.swift in Sources */ = {isa = PBXBuildFile; fileRef = 5263CF5E1AC7D9AF0073631F /* Medium_012_Integer_To_Roman_Test.swift */; };
		91394F351AC3EE56003DFF08 /* Medium_002_Add_Two_Numbers.swift in Sources */ = {isa = PBXBuildFile; fileRef = 91394F341AC3EE56003DFF08 /* Medium_002_Add_Two_Numbers.swift */; };
		91394F361AC3EE56003DFF08 /* Medium_002_Add_Two_Numbers.swift in Sources */ = {isa = PBXBuildFile; fileRef = 91394F341AC3EE56003DFF08 /* Medium_002_Add_Two_Numbers.swift */; };
		91394F381AC3F398003DFF08 /* Medium_002_Add_Two_Numbers_Test.swift in Sources */ = {isa = PBXBuildFile; fileRef = 91394F371AC3F398003DFF08 /* Medium_002_Add_Two_Numbers_Test.swift */; };
		91492D581AC5851E00D3A514 /* Easy_007_Reverse_Integer.swift in Sources */ = {isa = PBXBuildFile; fileRef = 91492D571AC5851E00D3A514 /* Easy_007_Reverse_Integer.swift */; };
		91492D591AC5851E00D3A514 /* Easy_007_Reverse_Integer.swift in Sources */ = {isa = PBXBuildFile; fileRef = 91492D571AC5851E00D3A514 /* Easy_007_Reverse_Integer.swift */; };
		91492D5B1AC5860F00D3A514 /* Easy_007_Reverse_Integer_Test.swift in Sources */ = {isa = PBXBuildFile; fileRef = 91492D5A1AC5860F00D3A514 /* Easy_007_Reverse_Integer_Test.swift */; };
		91492D5D1AC58A0800D3A514 /* Easy_008_String_to_Integer_atoi.swift in Sources */ = {isa = PBXBuildFile; fileRef = 91492D5C1AC58A0800D3A514 /* Easy_008_String_to_Integer_atoi.swift */; };
		91492D5E1AC58A0800D3A514 /* Easy_008_String_to_Integer_atoi.swift in Sources */ = {isa = PBXBuildFile; fileRef = 91492D5C1AC58A0800D3A514 /* Easy_008_String_to_Integer_atoi.swift */; };
		91492D601AC58A9E00D3A514 /* Easy_008_String_to_Integer_atoi_Test.swift in Sources */ = {isa = PBXBuildFile; fileRef = 91492D5F1AC58A9E00D3A514 /* Easy_008_String_to_Integer_atoi_Test.swift */; };
		91492D621AC58D2E00D3A514 /* Easy_009_Palindrome_Number.swift in Sources */ = {isa = PBXBuildFile; fileRef = 91492D611AC58D2E00D3A514 /* Easy_009_Palindrome_Number.swift */; };
		91492D631AC58D2E00D3A514 /* Easy_009_Palindrome_Number.swift in Sources */ = {isa = PBXBuildFile; fileRef = 91492D611AC58D2E00D3A514 /* Easy_009_Palindrome_Number.swift */; };
		91492D651AC58D4200D3A514 /* Easy_009_Palindrome_Number_Test.swift in Sources */ = {isa = PBXBuildFile; fileRef = 91492D641AC58D4200D3A514 /* Easy_009_Palindrome_Number_Test.swift */; };
		91492D671AC58F6000D3A514 /* Hard_010_Regular_Expression_Matching.swift in Sources */ = {isa = PBXBuildFile; fileRef = 91492D661AC58F6000D3A514 /* Hard_010_Regular_Expression_Matching.swift */; };
		91492D681AC58F6000D3A514 /* Hard_010_Regular_Expression_Matching.swift in Sources */ = {isa = PBXBuildFile; fileRef = 91492D661AC58F6000D3A514 /* Hard_010_Regular_Expression_Matching.swift */; };
		91492D6A1AC58F7A00D3A514 /* Hard_010_Regular_Expression_Matching_Test.swift in Sources */ = {isa = PBXBuildFile; fileRef = 91492D691AC58F7A00D3A514 /* Hard_010_Regular_Expression_Matching_Test.swift */; };
		91A29F161AC541F800E03380 /* Medium_003_Longest_Substring_Without_Repeating_Characters.swift in Sources */ = {isa = PBXBuildFile; fileRef = 91A29F151AC541F800E03380 /* Medium_003_Longest_Substring_Without_Repeating_Characters.swift */; };
		91A29F171AC541F800E03380 /* Medium_003_Longest_Substring_Without_Repeating_Characters.swift in Sources */ = {isa = PBXBuildFile; fileRef = 91A29F151AC541F800E03380 /* Medium_003_Longest_Substring_Without_Repeating_Characters.swift */; };
		91AE3A011AC54E00007EAEBA /* Medium_003_Longest_Substring_Without_Repeating_Characters_Test.swift in Sources */ = {isa = PBXBuildFile; fileRef = 91AE3A001AC54E00007EAEBA /* Medium_003_Longest_Substring_Without_Repeating_Characters_Test.swift */; };
		91AE3A031AC550C5007EAEBA /* Hard_004_Median_Of_Two_Sorted_Arrays.swift in Sources */ = {isa = PBXBuildFile; fileRef = 91AE3A021AC550C5007EAEBA /* Hard_004_Median_Of_Two_Sorted_Arrays.swift */; };
		91AE3A041AC550C5007EAEBA /* Hard_004_Median_Of_Two_Sorted_Arrays.swift in Sources */ = {isa = PBXBuildFile; fileRef = 91AE3A021AC550C5007EAEBA /* Hard_004_Median_Of_Two_Sorted_Arrays.swift */; };
		91AE3A071AC55146007EAEBA /* Hard_004_Median_Of_Two_Sorted_Arrays_Test.swift in Sources */ = {isa = PBXBuildFile; fileRef = 91AE3A051AC55146007EAEBA /* Hard_004_Median_Of_Two_Sorted_Arrays_Test.swift */; };
		91AE3A091AC559F6007EAEBA /* Medium_005_Longest_Palindromic_Substring.swift in Sources */ = {isa = PBXBuildFile; fileRef = 91AE3A081AC559F6007EAEBA /* Medium_005_Longest_Palindromic_Substring.swift */; };
		91AE3A0A1AC559F6007EAEBA /* Medium_005_Longest_Palindromic_Substring.swift in Sources */ = {isa = PBXBuildFile; fileRef = 91AE3A081AC559F6007EAEBA /* Medium_005_Longest_Palindromic_Substring.swift */; };
		91AE3A0D1AC55AC3007EAEBA /* Medium_005_Longest_Palindromic_Substring_Test.swift in Sources */ = {isa = PBXBuildFile; fileRef = 91AE3A0B1AC55AC3007EAEBA /* Medium_005_Longest_Palindromic_Substring_Test.swift */; };
		91DCF23C1AC9134500F9CB65 /* Easy_014_Longest_Common_Prefix.swift in Sources */ = {isa = PBXBuildFile; fileRef = 91DCF23B1AC9134500F9CB65 /* Easy_014_Longest_Common_Prefix.swift */; };
		91DCF23D1AC9134500F9CB65 /* Easy_014_Longest_Common_Prefix.swift in Sources */ = {isa = PBXBuildFile; fileRef = 91DCF23B1AC9134500F9CB65 /* Easy_014_Longest_Common_Prefix.swift */; };
		91DCF23F1AC9135500F9CB65 /* Easy_014_Longest_Common_Prefix_Test.swift in Sources */ = {isa = PBXBuildFile; fileRef = 91DCF23E1AC9135500F9CB65 /* Easy_014_Longest_Common_Prefix_Test.swift */; };
		91DCF2411AC9207900F9CB65 /* SolutionsTestsHelper.swift in Sources */ = {isa = PBXBuildFile; fileRef = 91DCF2401AC9207900F9CB65 /* SolutionsTestsHelper.swift */; };
		91EF6D6F1AC8EF4E00D8C285 /* Easy_013_Roman_To_Integer.swift in Sources */ = {isa = PBXBuildFile; fileRef = 91EF6D6E1AC8EF4E00D8C285 /* Easy_013_Roman_To_Integer.swift */; };
		91EF6D701AC8EF4E00D8C285 /* Easy_013_Roman_To_Integer.swift in Sources */ = {isa = PBXBuildFile; fileRef = 91EF6D6E1AC8EF4E00D8C285 /* Easy_013_Roman_To_Integer.swift */; };
		91EF6D721AC8EF6400D8C285 /* Easy_013_Roman_To_Integer_Test.swift in Sources */ = {isa = PBXBuildFile; fileRef = 91EF6D711AC8EF6400D8C285 /* Easy_013_Roman_To_Integer_Test.swift */; };
/* End PBXBuildFile section */

/* Begin PBXContainerItemProxy section */
		50A7F7E71AA9970700F84E86 /* PBXContainerItemProxy */ = {
			isa = PBXContainerItemProxy;
			containerPortal = 50A7F7C91AA9970700F84E86 /* Project object */;
			proxyType = 1;
			remoteGlobalIDString = 50A7F7D01AA9970700F84E86;
			remoteInfo = Solutions;
		};
/* End PBXContainerItemProxy section */

/* Begin PBXFileReference section */
		50001EF21AF9F90D0060075D /* Hard_025_Reverse_Nodes_In_K_Group.swift */ = {isa = PBXFileReference; fileEncoding = 4; lastKnownFileType = sourcecode.swift; name = Hard_025_Reverse_Nodes_In_K_Group.swift; path = Hard/Hard_025_Reverse_Nodes_In_K_Group.swift; sourceTree = "<group>"; };
		50001EF51AF9F92D0060075D /* Hard_025_Reverse_Nodes_In_K_Group_Test.swift */ = {isa = PBXFileReference; fileEncoding = 4; lastKnownFileType = sourcecode.swift; name = Hard_025_Reverse_Nodes_In_K_Group_Test.swift; path = Hard/Hard_025_Reverse_Nodes_In_K_Group_Test.swift; sourceTree = "<group>"; };
		50001EF71AFA65960060075D /* Easy_026_Remove_Duplicates_from_Sorted_Array.swift */ = {isa = PBXFileReference; fileEncoding = 4; lastKnownFileType = sourcecode.swift; name = Easy_026_Remove_Duplicates_from_Sorted_Array.swift; path = Easy/Easy_026_Remove_Duplicates_from_Sorted_Array.swift; sourceTree = "<group>"; };
		50001EFA1AFA65AD0060075D /* Easy_026_Remove_Duplicates_from_Sorted_Array_Test.swift */ = {isa = PBXFileReference; fileEncoding = 4; lastKnownFileType = sourcecode.swift; name = Easy_026_Remove_Duplicates_from_Sorted_Array_Test.swift; path = Easy/Easy_026_Remove_Duplicates_from_Sorted_Array_Test.swift; sourceTree = "<group>"; };
		5005A80F1B0101BD00435B47 /* Hard_033_Search_In_Rotated_Sorted_Array.swift */ = {isa = PBXFileReference; fileEncoding = 4; lastKnownFileType = sourcecode.swift; name = Hard_033_Search_In_Rotated_Sorted_Array.swift; path = Hard/Hard_033_Search_In_Rotated_Sorted_Array.swift; sourceTree = "<group>"; };
		5005A8121B0101DB00435B47 /* Hard_033_Search_In_Rotated_Sorted_Array_Test.swift */ = {isa = PBXFileReference; fileEncoding = 4; lastKnownFileType = sourcecode.swift; name = Hard_033_Search_In_Rotated_Sorted_Array_Test.swift; path = Hard/Hard_033_Search_In_Rotated_Sorted_Array_Test.swift; sourceTree = "<group>"; };
		5005E4DA1AE745AD000810D1 /* Easy_020_Valid_Parentheses.swift */ = {isa = PBXFileReference; fileEncoding = 4; lastKnownFileType = sourcecode.swift; name = Easy_020_Valid_Parentheses.swift; path = Easy/Easy_020_Valid_Parentheses.swift; sourceTree = "<group>"; };
		5005E4DD1AE745C9000810D1 /* Easy_020_Valid_Parentheses_Test.swift */ = {isa = PBXFileReference; fileEncoding = 4; lastKnownFileType = sourcecode.swift; name = Easy_020_Valid_Parentheses_Test.swift; path = Easy/Easy_020_Valid_Parentheses_Test.swift; sourceTree = "<group>"; };
		501E66921B14C5FE00108A45 /* Hard_052_N_Queens_II.swift */ = {isa = PBXFileReference; fileEncoding = 4; lastKnownFileType = sourcecode.swift; name = Hard_052_N_Queens_II.swift; path = Hard/Hard_052_N_Queens_II.swift; sourceTree = "<group>"; };
		501E66951B14C62300108A45 /* Hard_052_N_Queens_II_Test.swift */ = {isa = PBXFileReference; fileEncoding = 4; lastKnownFileType = sourcecode.swift; name = Hard_052_N_Queens_II_Test.swift; path = Hard/Hard_052_N_Queens_II_Test.swift; sourceTree = "<group>"; };
		5025298E1B03929200A2AEDF /* Easy_036_Valid_Sudoku.swift */ = {isa = PBXFileReference; fileEncoding = 4; lastKnownFileType = sourcecode.swift; name = Easy_036_Valid_Sudoku.swift; path = Easy/Easy_036_Valid_Sudoku.swift; sourceTree = "<group>"; };
		502529911B0392B500A2AEDF /* Easy_036_Valid_Sudoku_Test.swift */ = {isa = PBXFileReference; fileEncoding = 4; lastKnownFileType = sourcecode.swift; name = Easy_036_Valid_Sudoku_Test.swift; path = Easy/Easy_036_Valid_Sudoku_Test.swift; sourceTree = "<group>"; };
		502529931B039CCC00A2AEDF /* Hard_037_Sudoku_Solver.swift */ = {isa = PBXFileReference; fileEncoding = 4; lastKnownFileType = sourcecode.swift; name = Hard_037_Sudoku_Solver.swift; path = Hard/Hard_037_Sudoku_Solver.swift; sourceTree = "<group>"; };
		502529961B039CDD00A2AEDF /* Hard_037_Sudoku_Solver_Test.swift */ = {isa = PBXFileReference; fileEncoding = 4; lastKnownFileType = sourcecode.swift; name = Hard_037_Sudoku_Solver_Test.swift; path = Hard/Hard_037_Sudoku_Solver_Test.swift; sourceTree = "<group>"; };
		50254C971B0F604F0073B873 /* Hard_042_Trapping_Rain_Water.swift */ = {isa = PBXFileReference; fileEncoding = 4; lastKnownFileType = sourcecode.swift; name = Hard_042_Trapping_Rain_Water.swift; path = Hard/Hard_042_Trapping_Rain_Water.swift; sourceTree = "<group>"; };
		50254C9A1B0F60740073B873 /* Hard_042_Trapping_Rain_Water_Test.swift */ = {isa = PBXFileReference; fileEncoding = 4; lastKnownFileType = sourcecode.swift; name = Hard_042_Trapping_Rain_Water_Test.swift; path = Hard/Hard_042_Trapping_Rain_Water_Test.swift; sourceTree = "<group>"; };
		50254C9C1B0F73AE0073B873 /* Medium_043_Multiply_Strings.swift */ = {isa = PBXFileReference; fileEncoding = 4; lastKnownFileType = sourcecode.swift; name = Medium_043_Multiply_Strings.swift; path = Medium/Medium_043_Multiply_Strings.swift; sourceTree = "<group>"; };
		50254C9F1B0F73C20073B873 /* Medium_043_Multiply_Strings_Test.swift */ = {isa = PBXFileReference; fileEncoding = 4; lastKnownFileType = sourcecode.swift; name = Medium_043_Multiply_Strings_Test.swift; path = Medium/Medium_043_Multiply_Strings_Test.swift; sourceTree = "<group>"; };
		502A8F761B02352E00BE6CEB /* Medium_034_Search_For_A_Range.swift */ = {isa = PBXFileReference; fileEncoding = 4; lastKnownFileType = sourcecode.swift; name = Medium_034_Search_For_A_Range.swift; path = Medium/Medium_034_Search_For_A_Range.swift; sourceTree = "<group>"; };
		502A8F791B02354800BE6CEB /* Medium_034_Search_For_A_Range_Test.swift */ = {isa = PBXFileReference; fileEncoding = 4; lastKnownFileType = sourcecode.swift; name = Medium_034_Search_For_A_Range_Test.swift; path = Medium/Medium_034_Search_For_A_Range_Test.swift; sourceTree = "<group>"; };
		502A8F7B1B024E4300BE6CEB /* Medium_035_Search_Insert_Position.swift */ = {isa = PBXFileReference; fileEncoding = 4; lastKnownFileType = sourcecode.swift; name = Medium_035_Search_Insert_Position.swift; path = Medium/Medium_035_Search_Insert_Position.swift; sourceTree = "<group>"; };
		502A8F7E1B024E8100BE6CEB /* Medium_035_Search_Insert_Position_Test.swift */ = {isa = PBXFileReference; fileEncoding = 4; lastKnownFileType = sourcecode.swift; name = Medium_035_Search_Insert_Position_Test.swift; path = Medium/Medium_035_Search_Insert_Position_Test.swift; sourceTree = "<group>"; };
		5030D3961AE8F17F005FADA6 /* Easy_021_Merge_Two_Sorted_Lists.swift */ = {isa = PBXFileReference; fileEncoding = 4; lastKnownFileType = sourcecode.swift; name = Easy_021_Merge_Two_Sorted_Lists.swift; path = Easy/Easy_021_Merge_Two_Sorted_Lists.swift; sourceTree = "<group>"; };
		5030D3991AE8F1A7005FADA6 /* Easy_021_Merge_Two_Sorted_Lists_Test.swift */ = {isa = PBXFileReference; fileEncoding = 4; lastKnownFileType = sourcecode.swift; name = Easy_021_Merge_Two_Sorted_Lists_Test.swift; path = Easy/Easy_021_Merge_Two_Sorted_Lists_Test.swift; sourceTree = "<group>"; };
		503981481AFB555900419435 /* Easy_027_Remove_Element.swift */ = {isa = PBXFileReference; fileEncoding = 4; lastKnownFileType = sourcecode.swift; name = Easy_027_Remove_Element.swift; path = Easy/Easy_027_Remove_Element.swift; sourceTree = "<group>"; };
		5039814B1AFB556800419435 /* Easy_027_Remove_Element_Test.swift */ = {isa = PBXFileReference; fileEncoding = 4; lastKnownFileType = sourcecode.swift; name = Easy_027_Remove_Element_Test.swift; path = Easy/Easy_027_Remove_Element_Test.swift; sourceTree = "<group>"; };
		504D4F9F1ADF7E2F002C7BFA /* Medium_016_3Sum_Closest.swift */ = {isa = PBXFileReference; fileEncoding = 4; lastKnownFileType = sourcecode.swift; name = Medium_016_3Sum_Closest.swift; path = Medium/Medium_016_3Sum_Closest.swift; sourceTree = "<group>"; };
		504D4FA21ADF7E4E002C7BFA /* Medium_016_3Sum_Closest_Test.swift */ = {isa = PBXFileReference; fileEncoding = 4; lastKnownFileType = sourcecode.swift; name = Medium_016_3Sum_Closest_Test.swift; path = Medium/Medium_016_3Sum_Closest_Test.swift; sourceTree = "<group>"; };
		505825B31AF89CA70081F4FA /* Medium_022_Generate_Parentheses.swift */ = {isa = PBXFileReference; fileEncoding = 4; lastKnownFileType = sourcecode.swift; name = Medium_022_Generate_Parentheses.swift; path = Medium/Medium_022_Generate_Parentheses.swift; sourceTree = "<group>"; };
		505825B61AF89D200081F4FA /* Medium_022_Generate_Parentheses_Test.swift */ = {isa = PBXFileReference; fileEncoding = 4; lastKnownFileType = sourcecode.swift; name = Medium_022_Generate_Parentheses_Test.swift; path = Medium/Medium_022_Generate_Parentheses_Test.swift; sourceTree = "<group>"; };
		505838971B0CDE7200372A72 /* Hard_041_First_Missing_Positive.swift */ = {isa = PBXFileReference; fileEncoding = 4; lastKnownFileType = sourcecode.swift; name = Hard_041_First_Missing_Positive.swift; path = Hard/Hard_041_First_Missing_Positive.swift; sourceTree = "<group>"; };
		5058389A1B0CDE8D00372A72 /* Hard_041_First_Missing_Positive_Test.swift */ = {isa = PBXFileReference; fileEncoding = 4; lastKnownFileType = sourcecode.swift; name = Hard_041_First_Missing_Positive_Test.swift; path = Hard/Hard_041_First_Missing_Positive_Test.swift; sourceTree = "<group>"; };
		5064BB791B232D19001B24B8 /* Medium_053_Maximum_Subarray.swift */ = {isa = PBXFileReference; fileEncoding = 4; lastKnownFileType = sourcecode.swift; name = Medium_053_Maximum_Subarray.swift; path = Medium/Medium_053_Maximum_Subarray.swift; sourceTree = "<group>"; };
		5064BB7F1B232D59001B24B8 /* Medium_053_Maximum_Subarray_Test.swift */ = {isa = PBXFileReference; fileEncoding = 4; lastKnownFileType = sourcecode.swift; name = Medium_053_Maximum_Subarray_Test.swift; path = Medium/Medium_053_Maximum_Subarray_Test.swift; sourceTree = "<group>"; };
		5064BB811B233453001B24B8 /* Medium_054_Spiral_Matrix.swift */ = {isa = PBXFileReference; fileEncoding = 4; lastKnownFileType = sourcecode.swift; name = Medium_054_Spiral_Matrix.swift; path = Medium/Medium_054_Spiral_Matrix.swift; sourceTree = "<group>"; };
		5064BB841B233469001B24B8 /* Medium_054_Spiral_Matrix_Test.swift */ = {isa = PBXFileReference; fileEncoding = 4; lastKnownFileType = sourcecode.swift; name = Medium_054_Spiral_Matrix_Test.swift; path = Medium/Medium_054_Spiral_Matrix_Test.swift; sourceTree = "<group>"; };
		5081E3E81B1013D500D8FD22 /* Hard_044_Wildcard_Matching.swift */ = {isa = PBXFileReference; fileEncoding = 4; lastKnownFileType = sourcecode.swift; name = Hard_044_Wildcard_Matching.swift; path = Hard/Hard_044_Wildcard_Matching.swift; sourceTree = "<group>"; };
		5081E3EB1B1014AB00D8FD22 /* Hard_044_Wildcard_Matching_Test.swift */ = {isa = PBXFileReference; fileEncoding = 4; lastKnownFileType = sourcecode.swift; name = Hard_044_Wildcard_Matching_Test.swift; path = Hard/Hard_044_Wildcard_Matching_Test.swift; sourceTree = "<group>"; };
		5081E3ED1B10509E00D8FD22 /* Hard_045_Jump_Game_II.swift */ = {isa = PBXFileReference; fileEncoding = 4; lastKnownFileType = sourcecode.swift; name = Hard_045_Jump_Game_II.swift; path = Hard/Hard_045_Jump_Game_II.swift; sourceTree = "<group>"; };
		5081E3F01B1050C300D8FD22 /* Hard_045_Jump_Game_II_Test.swift */ = {isa = PBXFileReference; fileEncoding = 4; lastKnownFileType = sourcecode.swift; name = Hard_045_Jump_Game_II_Test.swift; path = Hard/Hard_045_Jump_Game_II_Test.swift; sourceTree = "<group>"; };
		5081E3F21B10537E00D8FD22 /* Medium_046_Permutations.swift */ = {isa = PBXFileReference; fileEncoding = 4; lastKnownFileType = sourcecode.swift; name = Medium_046_Permutations.swift; path = Medium/Medium_046_Permutations.swift; sourceTree = "<group>"; };
		5081E3F51B10539100D8FD22 /* Medium_046_Permutations_Test.swift */ = {isa = PBXFileReference; fileEncoding = 4; lastKnownFileType = sourcecode.swift; name = Medium_046_Permutations_Test.swift; path = Medium/Medium_046_Permutations_Test.swift; sourceTree = "<group>"; };
		5081E3F71B10549900D8FD22 /* Hard_047_Permutations_II.swift */ = {isa = PBXFileReference; fileEncoding = 4; lastKnownFileType = sourcecode.swift; name = Hard_047_Permutations_II.swift; path = Hard/Hard_047_Permutations_II.swift; sourceTree = "<group>"; };
		5081E3FA1B1054A800D8FD22 /* Hard_047_Permutations_II_Test.swift */ = {isa = PBXFileReference; fileEncoding = 4; lastKnownFileType = sourcecode.swift; name = Hard_047_Permutations_II_Test.swift; path = Hard/Hard_047_Permutations_II_Test.swift; sourceTree = "<group>"; };
		5081E3FC1B1054FF00D8FD22 /* Medium_048_Rotate_Image.swift */ = {isa = PBXFileReference; fileEncoding = 4; lastKnownFileType = sourcecode.swift; name = Medium_048_Rotate_Image.swift; path = Medium/Medium_048_Rotate_Image.swift; sourceTree = "<group>"; };
		5081E3FF1B10551300D8FD22 /* Medium_048_Rotate_Image_Test.swift */ = {isa = PBXFileReference; fileEncoding = 4; lastKnownFileType = sourcecode.swift; name = Medium_048_Rotate_Image_Test.swift; path = Medium/Medium_048_Rotate_Image_Test.swift; sourceTree = "<group>"; };
		5081E4011B10562F00D8FD22 /* Medium_049_Anagrams.swift */ = {isa = PBXFileReference; fileEncoding = 4; lastKnownFileType = sourcecode.swift; name = Medium_049_Anagrams.swift; path = Medium/Medium_049_Anagrams.swift; sourceTree = "<group>"; };
		5081E4041B10564300D8FD22 /* Medium_049_Anagrams_Test.swift */ = {isa = PBXFileReference; fileEncoding = 4; lastKnownFileType = sourcecode.swift; name = Medium_049_Anagrams_Test.swift; path = Medium/Medium_049_Anagrams_Test.swift; sourceTree = "<group>"; };
		5081E4061B10572E00D8FD22 /* Medium_050_Pow_X_N.swift */ = {isa = PBXFileReference; fileEncoding = 4; lastKnownFileType = sourcecode.swift; name = Medium_050_Pow_X_N.swift; path = Medium/Medium_050_Pow_X_N.swift; sourceTree = "<group>"; };
		5081E4091B10573F00D8FD22 /* Medium_050_Pow_X_N_Test.swift */ = {isa = PBXFileReference; fileEncoding = 4; lastKnownFileType = sourcecode.swift; name = Medium_050_Pow_X_N_Test.swift; path = Medium/Medium_050_Pow_X_N_Test.swift; sourceTree = "<group>"; };
		5093659E1AE1BD3C00FD41FD /* Medium_017_Letter_Combinations_Of_A_Phone_Number.swift */ = {isa = PBXFileReference; fileEncoding = 4; lastKnownFileType = sourcecode.swift; name = Medium_017_Letter_Combinations_Of_A_Phone_Number.swift; path = Medium/Medium_017_Letter_Combinations_Of_A_Phone_Number.swift; sourceTree = "<group>"; };
		509365A11AE1BD5B00FD41FD /* Medium_017_Letter_Combinations_Of_A_Phone_Number_Test.swift */ = {isa = PBXFileReference; fileEncoding = 4; lastKnownFileType = sourcecode.swift; name = Medium_017_Letter_Combinations_Of_A_Phone_Number_Test.swift; path = Medium/Medium_017_Letter_Combinations_Of_A_Phone_Number_Test.swift; sourceTree = "<group>"; };
		509365A31AE23CD600FD41FD /* Medium_018_4Sum.swift */ = {isa = PBXFileReference; fileEncoding = 4; lastKnownFileType = sourcecode.swift; name = Medium_018_4Sum.swift; path = Medium/Medium_018_4Sum.swift; sourceTree = "<group>"; };
		509365A61AE3515E00FD41FD /* Medium_018_4Sum_Test.swift */ = {isa = PBXFileReference; fileEncoding = 4; lastKnownFileType = sourcecode.swift; name = Medium_018_4Sum_Test.swift; path = Medium/Medium_018_4Sum_Test.swift; sourceTree = "<group>"; };
		509365A81AE4879F00FD41FD /* Easy_019_Remove_Nth_Node_From_End_Of_List.swift */ = {isa = PBXFileReference; fileEncoding = 4; lastKnownFileType = sourcecode.swift; name = Easy_019_Remove_Nth_Node_From_End_Of_List.swift; path = Easy/Easy_019_Remove_Nth_Node_From_End_Of_List.swift; sourceTree = "<group>"; };
		509365AB1AE487BB00FD41FD /* Easy_019_Remove_Nth_Node_From_End_Of_List_Test.swift */ = {isa = PBXFileReference; fileEncoding = 4; lastKnownFileType = sourcecode.swift; name = Easy_019_Remove_Nth_Node_From_End_Of_List_Test.swift; path = Easy/Easy_019_Remove_Nth_Node_From_End_Of_List_Test.swift; sourceTree = "<group>"; };
		5098BC341AF8D9310009964D /* Hard_023_Merge_K_Sorted_Lists.swift */ = {isa = PBXFileReference; fileEncoding = 4; lastKnownFileType = sourcecode.swift; name = Hard_023_Merge_K_Sorted_Lists.swift; path = Hard/Hard_023_Merge_K_Sorted_Lists.swift; sourceTree = "<group>"; };
		5098BC371AF8D9480009964D /* Hard_023_Merge_K_Sorted_Lists_Test.swift */ = {isa = PBXFileReference; fileEncoding = 4; lastKnownFileType = sourcecode.swift; name = Hard_023_Merge_K_Sorted_Lists_Test.swift; path = Hard/Hard_023_Merge_K_Sorted_Lists_Test.swift; sourceTree = "<group>"; };
		5098BC391AF90CE90009964D /* Medium_024_Swap_Nodes_In_Pairs.swift */ = {isa = PBXFileReference; fileEncoding = 4; lastKnownFileType = sourcecode.swift; name = Medium_024_Swap_Nodes_In_Pairs.swift; path = Medium/Medium_024_Swap_Nodes_In_Pairs.swift; sourceTree = "<group>"; };
		5098BC3C1AF90CFE0009964D /* Medium_024_Swap_Nodes_In_Pairs_Test.swift */ = {isa = PBXFileReference; fileEncoding = 4; lastKnownFileType = sourcecode.swift; name = Medium_024_Swap_Nodes_In_Pairs_Test.swift; path = Medium/Medium_024_Swap_Nodes_In_Pairs_Test.swift; sourceTree = "<group>"; };
		509D38641B00EF7C00E5E2A4 /* Hard_032_Longest_Valid_Parentheses.swift */ = {isa = PBXFileReference; fileEncoding = 4; lastKnownFileType = sourcecode.swift; name = Hard_032_Longest_Valid_Parentheses.swift; path = Hard/Hard_032_Longest_Valid_Parentheses.swift; sourceTree = "<group>"; };
		509D38671B00EF8D00E5E2A4 /* Hard_032_Longest_Valid_Parentheses_Test.swift */ = {isa = PBXFileReference; fileEncoding = 4; lastKnownFileType = sourcecode.swift; name = Hard_032_Longest_Valid_Parentheses_Test.swift; path = Hard/Hard_032_Longest_Valid_Parentheses_Test.swift; sourceTree = "<group>"; };
		50A765141B10C7CE004F823B /* Hard_051_N_Queens.swift */ = {isa = PBXFileReference; fileEncoding = 4; lastKnownFileType = sourcecode.swift; name = Hard_051_N_Queens.swift; path = Hard/Hard_051_N_Queens.swift; sourceTree = "<group>"; };
		50A765171B10C968004F823B /* Hard_051_N_Queens_Test.swift */ = {isa = PBXFileReference; fileEncoding = 4; lastKnownFileType = sourcecode.swift; name = Hard_051_N_Queens_Test.swift; path = Hard/Hard_051_N_Queens_Test.swift; sourceTree = "<group>"; };
		50A7F7D11AA9970700F84E86 /* Solutions.app */ = {isa = PBXFileReference; explicitFileType = wrapper.application; includeInIndex = 0; path = Solutions.app; sourceTree = BUILT_PRODUCTS_DIR; };
		50A7F7D51AA9970700F84E86 /* Info.plist */ = {isa = PBXFileReference; lastKnownFileType = text.plist.xml; path = Info.plist; sourceTree = "<group>"; };
		50A7F7D61AA9970700F84E86 /* AppDelegate.swift */ = {isa = PBXFileReference; lastKnownFileType = sourcecode.swift; path = AppDelegate.swift; sourceTree = "<group>"; };
		50A7F7D81AA9970700F84E86 /* ViewController.swift */ = {isa = PBXFileReference; lastKnownFileType = sourcecode.swift; path = ViewController.swift; sourceTree = "<group>"; };
		50A7F7DB1AA9970700F84E86 /* Base */ = {isa = PBXFileReference; lastKnownFileType = file.storyboard; name = Base; path = Base.lproj/Main.storyboard; sourceTree = "<group>"; };
		50A7F7DD1AA9970700F84E86 /* Images.xcassets */ = {isa = PBXFileReference; lastKnownFileType = folder.assetcatalog; path = Images.xcassets; sourceTree = "<group>"; };
		50A7F7E01AA9970700F84E86 /* Base */ = {isa = PBXFileReference; lastKnownFileType = file.xib; name = Base; path = Base.lproj/LaunchScreen.xib; sourceTree = "<group>"; };
		50A7F7E61AA9970700F84E86 /* SolutionsTests.xctest */ = {isa = PBXFileReference; explicitFileType = wrapper.cfbundle; includeInIndex = 0; path = SolutionsTests.xctest; sourceTree = BUILT_PRODUCTS_DIR; };
		50A7F7EB1AA9970700F84E86 /* Info.plist */ = {isa = PBXFileReference; lastKnownFileType = text.plist.xml; path = Info.plist; sourceTree = "<group>"; };
		50A7F7F91AA999C900F84E86 /* Easy_006_ZigZag_Conversion.swift */ = {isa = PBXFileReference; fileEncoding = 4; lastKnownFileType = sourcecode.swift; name = Easy_006_ZigZag_Conversion.swift; path = Easy/Easy_006_ZigZag_Conversion.swift; sourceTree = "<group>"; };
		50A7F7FF1AA99B8400F84E86 /* Easy_006_ZigZag_Conversion_Test.swift */ = {isa = PBXFileReference; fileEncoding = 4; lastKnownFileType = sourcecode.swift; name = Easy_006_ZigZag_Conversion_Test.swift; path = Easy/Easy_006_ZigZag_Conversion_Test.swift; sourceTree = "<group>"; };
		50A7F8021AA9A3CA00F84E86 /* Medium_001_Two_Sum.swift */ = {isa = PBXFileReference; fileEncoding = 4; lastKnownFileType = sourcecode.swift; name = Medium_001_Two_Sum.swift; path = Medium/Medium_001_Two_Sum.swift; sourceTree = "<group>"; };
		50A7F8051AA9A3E700F84E86 /* Medium_001_Two_Sum_Test.swift */ = {isa = PBXFileReference; fileEncoding = 4; lastKnownFileType = sourcecode.swift; name = Medium_001_Two_Sum_Test.swift; path = Medium/Medium_001_Two_Sum_Test.swift; sourceTree = "<group>"; };
		50AEFEAC1AFF0C8E0059CF1B /* Hard_030_Substring_With_Concatenation_Of_All_Words.swift */ = {isa = PBXFileReference; fileEncoding = 4; lastKnownFileType = sourcecode.swift; name = Hard_030_Substring_With_Concatenation_Of_All_Words.swift; path = Hard/Hard_030_Substring_With_Concatenation_Of_All_Words.swift; sourceTree = "<group>"; };
		50AEFEAF1AFF0CC20059CF1B /* Hard_030_Substring_With_Concatenation_Of_All_Words_Test.swift */ = {isa = PBXFileReference; fileEncoding = 4; lastKnownFileType = sourcecode.swift; name = Hard_030_Substring_With_Concatenation_Of_All_Words_Test.swift; path = Hard/Hard_030_Substring_With_Concatenation_Of_All_Words_Test.swift; sourceTree = "<group>"; };
		50AEFEB31AFF6D940059CF1B /* Medium_031_Next_Permutation.swift */ = {isa = PBXFileReference; fileEncoding = 4; lastKnownFileType = sourcecode.swift; name = Medium_031_Next_Permutation.swift; path = Medium/Medium_031_Next_Permutation.swift; sourceTree = "<group>"; };
		50AEFEB61AFF6DC90059CF1B /* Medium_031_Next_Permutation_Test.swift */ = {isa = PBXFileReference; fileEncoding = 4; lastKnownFileType = sourcecode.swift; name = Medium_031_Next_Permutation_Test.swift; path = Medium/Medium_031_Next_Permutation_Test.swift; sourceTree = "<group>"; };
		50C788061B0A4BDB00786829 /* Medium_040_Combination_Sum_II.swift */ = {isa = PBXFileReference; fileEncoding = 4; lastKnownFileType = sourcecode.swift; name = Medium_040_Combination_Sum_II.swift; path = Medium/Medium_040_Combination_Sum_II.swift; sourceTree = "<group>"; };
		50C788091B0A4BF600786829 /* Medium_040_Combination_Sum_II_Test.swift */ = {isa = PBXFileReference; fileEncoding = 4; lastKnownFileType = sourcecode.swift; name = Medium_040_Combination_Sum_II_Test.swift; path = Medium/Medium_040_Combination_Sum_II_Test.swift; sourceTree = "<group>"; };
		50D0C8EE1AFDF5DE0057BE0A /* Easy_028_Implement_StrStr.swift */ = {isa = PBXFileReference; fileEncoding = 4; lastKnownFileType = sourcecode.swift; name = Easy_028_Implement_StrStr.swift; path = Easy/Easy_028_Implement_StrStr.swift; sourceTree = "<group>"; };
		50D0C8F11AFDF5FA0057BE0A /* Easy_028_Implement_StrStr_Test.swift */ = {isa = PBXFileReference; fileEncoding = 4; lastKnownFileType = sourcecode.swift; name = Easy_028_Implement_StrStr_Test.swift; path = Easy/Easy_028_Implement_StrStr_Test.swift; sourceTree = "<group>"; };
		50D0C8F31AFE38340057BE0A /* Medium_029_Divide_Two_Integers.swift */ = {isa = PBXFileReference; fileEncoding = 4; lastKnownFileType = sourcecode.swift; name = Medium_029_Divide_Two_Integers.swift; path = Medium/Medium_029_Divide_Two_Integers.swift; sourceTree = "<group>"; };
		50D0C8F61AFE38A30057BE0A /* Medium_029_Divide_Two_Integers_Test.swift */ = {isa = PBXFileReference; fileEncoding = 4; lastKnownFileType = sourcecode.swift; name = Medium_029_Divide_Two_Integers_Test.swift; path = Medium/Medium_029_Divide_Two_Integers_Test.swift; sourceTree = "<group>"; };
		50E1BFB91AD28EAC009308B6 /* Medium_015_3Sum.swift */ = {isa = PBXFileReference; fileEncoding = 4; lastKnownFileType = sourcecode.swift; name = Medium_015_3Sum.swift; path = Medium/Medium_015_3Sum.swift; sourceTree = "<group>"; };
		50E1BFBC1AD28EC6009308B6 /* Medium_015_3Sum_Test.swift */ = {isa = PBXFileReference; fileEncoding = 4; lastKnownFileType = sourcecode.swift; name = Medium_015_3Sum_Test.swift; path = Medium/Medium_015_3Sum_Test.swift; sourceTree = "<group>"; };
		50EC15C21B05790400A231BF /* Easy_038_Count_And_Say.swift */ = {isa = PBXFileReference; fileEncoding = 4; lastKnownFileType = sourcecode.swift; name = Easy_038_Count_And_Say.swift; path = Easy/Easy_038_Count_And_Say.swift; sourceTree = "<group>"; };
		50EC15C51B05791700A231BF /* Easy_038_Count_And_Say_Test.swift */ = {isa = PBXFileReference; fileEncoding = 4; lastKnownFileType = sourcecode.swift; name = Easy_038_Count_And_Say_Test.swift; path = Easy/Easy_038_Count_And_Say_Test.swift; sourceTree = "<group>"; };
		50FF9DB41B08ED1A0066EDA7 /* Medium_039_Combination_Sum.swift */ = {isa = PBXFileReference; fileEncoding = 4; lastKnownFileType = sourcecode.swift; name = Medium_039_Combination_Sum.swift; path = Medium/Medium_039_Combination_Sum.swift; sourceTree = "<group>"; };
		50FF9DB71B08ED340066EDA7 /* Medium_039_Combination_Sum_Test.swift */ = {isa = PBXFileReference; fileEncoding = 4; lastKnownFileType = sourcecode.swift; name = Medium_039_Combination_Sum_Test.swift; path = Medium/Medium_039_Combination_Sum_Test.swift; sourceTree = "<group>"; };
		5263CF561AC79C130073631F /* Medium_011_Container_With_Most_Water_Test.swift */ = {isa = PBXFileReference; fileEncoding = 4; lastKnownFileType = sourcecode.swift; name = Medium_011_Container_With_Most_Water_Test.swift; path = Medium/Medium_011_Container_With_Most_Water_Test.swift; sourceTree = "<group>"; };
		5263CF581AC79C590073631F /* Medium_011_Container_With_Most_Water.swift */ = {isa = PBXFileReference; fileEncoding = 4; lastKnownFileType = sourcecode.swift; name = Medium_011_Container_With_Most_Water.swift; path = Medium/Medium_011_Container_With_Most_Water.swift; sourceTree = "<group>"; };
		5263CF5B1AC7D9990073631F /* Medium_012_Integer_To_Roman.swift */ = {isa = PBXFileReference; fileEncoding = 4; lastKnownFileType = sourcecode.swift; name = Medium_012_Integer_To_Roman.swift; path = Medium/Medium_012_Integer_To_Roman.swift; sourceTree = "<group>"; };
		5263CF5E1AC7D9AF0073631F /* Medium_012_Integer_To_Roman_Test.swift */ = {isa = PBXFileReference; fileEncoding = 4; lastKnownFileType = sourcecode.swift; name = Medium_012_Integer_To_Roman_Test.swift; path = Medium/Medium_012_Integer_To_Roman_Test.swift; sourceTree = "<group>"; };
		91394F341AC3EE56003DFF08 /* Medium_002_Add_Two_Numbers.swift */ = {isa = PBXFileReference; fileEncoding = 4; lastKnownFileType = sourcecode.swift; name = Medium_002_Add_Two_Numbers.swift; path = Medium/Medium_002_Add_Two_Numbers.swift; sourceTree = "<group>"; };
		91394F371AC3F398003DFF08 /* Medium_002_Add_Two_Numbers_Test.swift */ = {isa = PBXFileReference; fileEncoding = 4; lastKnownFileType = sourcecode.swift; name = Medium_002_Add_Two_Numbers_Test.swift; path = Medium/Medium_002_Add_Two_Numbers_Test.swift; sourceTree = "<group>"; };
		91492D571AC5851E00D3A514 /* Easy_007_Reverse_Integer.swift */ = {isa = PBXFileReference; fileEncoding = 4; lastKnownFileType = sourcecode.swift; name = Easy_007_Reverse_Integer.swift; path = Easy/Easy_007_Reverse_Integer.swift; sourceTree = "<group>"; };
		91492D5A1AC5860F00D3A514 /* Easy_007_Reverse_Integer_Test.swift */ = {isa = PBXFileReference; fileEncoding = 4; lastKnownFileType = sourcecode.swift; name = Easy_007_Reverse_Integer_Test.swift; path = Easy/Easy_007_Reverse_Integer_Test.swift; sourceTree = "<group>"; };
		91492D5C1AC58A0800D3A514 /* Easy_008_String_to_Integer_atoi.swift */ = {isa = PBXFileReference; fileEncoding = 4; lastKnownFileType = sourcecode.swift; name = Easy_008_String_to_Integer_atoi.swift; path = Easy/Easy_008_String_to_Integer_atoi.swift; sourceTree = "<group>"; };
		91492D5F1AC58A9E00D3A514 /* Easy_008_String_to_Integer_atoi_Test.swift */ = {isa = PBXFileReference; fileEncoding = 4; lastKnownFileType = sourcecode.swift; name = Easy_008_String_to_Integer_atoi_Test.swift; path = Easy/Easy_008_String_to_Integer_atoi_Test.swift; sourceTree = "<group>"; };
		91492D611AC58D2E00D3A514 /* Easy_009_Palindrome_Number.swift */ = {isa = PBXFileReference; fileEncoding = 4; lastKnownFileType = sourcecode.swift; name = Easy_009_Palindrome_Number.swift; path = Easy/Easy_009_Palindrome_Number.swift; sourceTree = "<group>"; };
		91492D641AC58D4200D3A514 /* Easy_009_Palindrome_Number_Test.swift */ = {isa = PBXFileReference; fileEncoding = 4; lastKnownFileType = sourcecode.swift; name = Easy_009_Palindrome_Number_Test.swift; path = Easy/Easy_009_Palindrome_Number_Test.swift; sourceTree = "<group>"; };
		91492D661AC58F6000D3A514 /* Hard_010_Regular_Expression_Matching.swift */ = {isa = PBXFileReference; fileEncoding = 4; lastKnownFileType = sourcecode.swift; name = Hard_010_Regular_Expression_Matching.swift; path = Hard/Hard_010_Regular_Expression_Matching.swift; sourceTree = "<group>"; };
		91492D691AC58F7A00D3A514 /* Hard_010_Regular_Expression_Matching_Test.swift */ = {isa = PBXFileReference; fileEncoding = 4; lastKnownFileType = sourcecode.swift; name = Hard_010_Regular_Expression_Matching_Test.swift; path = Hard/Hard_010_Regular_Expression_Matching_Test.swift; sourceTree = "<group>"; };
		91A29F151AC541F800E03380 /* Medium_003_Longest_Substring_Without_Repeating_Characters.swift */ = {isa = PBXFileReference; fileEncoding = 4; lastKnownFileType = sourcecode.swift; name = Medium_003_Longest_Substring_Without_Repeating_Characters.swift; path = Medium/Medium_003_Longest_Substring_Without_Repeating_Characters.swift; sourceTree = "<group>"; };
		91AE3A001AC54E00007EAEBA /* Medium_003_Longest_Substring_Without_Repeating_Characters_Test.swift */ = {isa = PBXFileReference; fileEncoding = 4; lastKnownFileType = sourcecode.swift; name = Medium_003_Longest_Substring_Without_Repeating_Characters_Test.swift; path = Medium/Medium_003_Longest_Substring_Without_Repeating_Characters_Test.swift; sourceTree = "<group>"; };
		91AE3A021AC550C5007EAEBA /* Hard_004_Median_Of_Two_Sorted_Arrays.swift */ = {isa = PBXFileReference; fileEncoding = 4; lastKnownFileType = sourcecode.swift; name = Hard_004_Median_Of_Two_Sorted_Arrays.swift; path = Hard/Hard_004_Median_Of_Two_Sorted_Arrays.swift; sourceTree = "<group>"; };
		91AE3A051AC55146007EAEBA /* Hard_004_Median_Of_Two_Sorted_Arrays_Test.swift */ = {isa = PBXFileReference; fileEncoding = 4; lastKnownFileType = sourcecode.swift; name = Hard_004_Median_Of_Two_Sorted_Arrays_Test.swift; path = Hard/Hard_004_Median_Of_Two_Sorted_Arrays_Test.swift; sourceTree = "<group>"; };
		91AE3A081AC559F6007EAEBA /* Medium_005_Longest_Palindromic_Substring.swift */ = {isa = PBXFileReference; fileEncoding = 4; lastKnownFileType = sourcecode.swift; name = Medium_005_Longest_Palindromic_Substring.swift; path = Medium/Medium_005_Longest_Palindromic_Substring.swift; sourceTree = "<group>"; };
		91AE3A0B1AC55AC3007EAEBA /* Medium_005_Longest_Palindromic_Substring_Test.swift */ = {isa = PBXFileReference; fileEncoding = 4; lastKnownFileType = sourcecode.swift; name = Medium_005_Longest_Palindromic_Substring_Test.swift; path = Medium/Medium_005_Longest_Palindromic_Substring_Test.swift; sourceTree = "<group>"; };
		91DCF23B1AC9134500F9CB65 /* Easy_014_Longest_Common_Prefix.swift */ = {isa = PBXFileReference; fileEncoding = 4; lastKnownFileType = sourcecode.swift; name = Easy_014_Longest_Common_Prefix.swift; path = Easy/Easy_014_Longest_Common_Prefix.swift; sourceTree = "<group>"; };
		91DCF23E1AC9135500F9CB65 /* Easy_014_Longest_Common_Prefix_Test.swift */ = {isa = PBXFileReference; fileEncoding = 4; lastKnownFileType = sourcecode.swift; name = Easy_014_Longest_Common_Prefix_Test.swift; path = Easy/Easy_014_Longest_Common_Prefix_Test.swift; sourceTree = "<group>"; };
		91DCF2401AC9207900F9CB65 /* SolutionsTestsHelper.swift */ = {isa = PBXFileReference; fileEncoding = 4; lastKnownFileType = sourcecode.swift; path = SolutionsTestsHelper.swift; sourceTree = "<group>"; };
		91EF6D6E1AC8EF4E00D8C285 /* Easy_013_Roman_To_Integer.swift */ = {isa = PBXFileReference; fileEncoding = 4; lastKnownFileType = sourcecode.swift; name = Easy_013_Roman_To_Integer.swift; path = Easy/Easy_013_Roman_To_Integer.swift; sourceTree = "<group>"; };
		91EF6D711AC8EF6400D8C285 /* Easy_013_Roman_To_Integer_Test.swift */ = {isa = PBXFileReference; fileEncoding = 4; lastKnownFileType = sourcecode.swift; name = Easy_013_Roman_To_Integer_Test.swift; path = Easy/Easy_013_Roman_To_Integer_Test.swift; sourceTree = "<group>"; };
/* End PBXFileReference section */

/* Begin PBXFrameworksBuildPhase section */
		50A7F7CE1AA9970700F84E86 /* Frameworks */ = {
			isa = PBXFrameworksBuildPhase;
			buildActionMask = 2147483647;
			files = (
			);
			runOnlyForDeploymentPostprocessing = 0;
		};
		50A7F7E31AA9970700F84E86 /* Frameworks */ = {
			isa = PBXFrameworksBuildPhase;
			buildActionMask = 2147483647;
			files = (
			);
			runOnlyForDeploymentPostprocessing = 0;
		};
/* End PBXFrameworksBuildPhase section */

/* Begin PBXGroup section */
		50A7F7C81AA9970700F84E86 = {
			isa = PBXGroup;
			children = (
				50A7F7D31AA9970700F84E86 /* Solutions */,
				50A7F7E91AA9970700F84E86 /* SolutionsTests */,
				50A7F7D21AA9970700F84E86 /* Products */,
			);
			sourceTree = "<group>";
		};
		50A7F7D21AA9970700F84E86 /* Products */ = {
			isa = PBXGroup;
			children = (
				50A7F7D11AA9970700F84E86 /* Solutions.app */,
				50A7F7E61AA9970700F84E86 /* SolutionsTests.xctest */,
			);
			name = Products;
			sourceTree = "<group>";
		};
		50A7F7D31AA9970700F84E86 /* Solutions */ = {
			isa = PBXGroup;
			children = (
				50A7F7F81AA9992600F84E86 /* Hard */,
				50A7F7F71AA9992000F84E86 /* Medium */,
				50A7F7F61AA9991100F84E86 /* Easy */,
				50A7F7D61AA9970700F84E86 /* AppDelegate.swift */,
				50A7F7D81AA9970700F84E86 /* ViewController.swift */,
				50A7F7DA1AA9970700F84E86 /* Main.storyboard */,
				50A7F7DD1AA9970700F84E86 /* Images.xcassets */,
				50A7F7DF1AA9970700F84E86 /* LaunchScreen.xib */,
				50A7F7D41AA9970700F84E86 /* Supporting Files */,
			);
			path = Solutions;
			sourceTree = "<group>";
		};
		50A7F7D41AA9970700F84E86 /* Supporting Files */ = {
			isa = PBXGroup;
			children = (
				50A7F7D51AA9970700F84E86 /* Info.plist */,
			);
			name = "Supporting Files";
			sourceTree = "<group>";
		};
		50A7F7E91AA9970700F84E86 /* SolutionsTests */ = {
			isa = PBXGroup;
			children = (
				91DCF2401AC9207900F9CB65 /* SolutionsTestsHelper.swift */,
				50A7F7FD1AA99B2900F84E86 /* Hard */,
				50A7F7FC1AA99B2300F84E86 /* Medium */,
				50A7F7FB1AA99B1C00F84E86 /* Easy */,
				50A7F7EA1AA9970700F84E86 /* Supporting Files */,
			);
			path = SolutionsTests;
			sourceTree = "<group>";
		};
		50A7F7EA1AA9970700F84E86 /* Supporting Files */ = {
			isa = PBXGroup;
			children = (
				50A7F7EB1AA9970700F84E86 /* Info.plist */,
			);
			name = "Supporting Files";
			sourceTree = "<group>";
		};
		50A7F7F61AA9991100F84E86 /* Easy */ = {
			isa = PBXGroup;
			children = (
				50A7F7F91AA999C900F84E86 /* Easy_006_ZigZag_Conversion.swift */,
				91492D571AC5851E00D3A514 /* Easy_007_Reverse_Integer.swift */,
				91492D5C1AC58A0800D3A514 /* Easy_008_String_to_Integer_atoi.swift */,
				91492D611AC58D2E00D3A514 /* Easy_009_Palindrome_Number.swift */,
				91EF6D6E1AC8EF4E00D8C285 /* Easy_013_Roman_To_Integer.swift */,
				91DCF23B1AC9134500F9CB65 /* Easy_014_Longest_Common_Prefix.swift */,
				509365A81AE4879F00FD41FD /* Easy_019_Remove_Nth_Node_From_End_Of_List.swift */,
				5005E4DA1AE745AD000810D1 /* Easy_020_Valid_Parentheses.swift */,
				5030D3961AE8F17F005FADA6 /* Easy_021_Merge_Two_Sorted_Lists.swift */,
				50001EF71AFA65960060075D /* Easy_026_Remove_Duplicates_from_Sorted_Array.swift */,
				503981481AFB555900419435 /* Easy_027_Remove_Element.swift */,
				50D0C8EE1AFDF5DE0057BE0A /* Easy_028_Implement_StrStr.swift */,
				5025298E1B03929200A2AEDF /* Easy_036_Valid_Sudoku.swift */,
				50EC15C21B05790400A231BF /* Easy_038_Count_And_Say.swift */,
			);
			name = Easy;
			sourceTree = "<group>";
		};
		50A7F7F71AA9992000F84E86 /* Medium */ = {
			isa = PBXGroup;
			children = (
				50A7F8021AA9A3CA00F84E86 /* Medium_001_Two_Sum.swift */,
				91394F341AC3EE56003DFF08 /* Medium_002_Add_Two_Numbers.swift */,
				91A29F151AC541F800E03380 /* Medium_003_Longest_Substring_Without_Repeating_Characters.swift */,
				91AE3A081AC559F6007EAEBA /* Medium_005_Longest_Palindromic_Substring.swift */,
				5263CF581AC79C590073631F /* Medium_011_Container_With_Most_Water.swift */,
				5263CF5B1AC7D9990073631F /* Medium_012_Integer_To_Roman.swift */,
				50E1BFB91AD28EAC009308B6 /* Medium_015_3Sum.swift */,
				504D4F9F1ADF7E2F002C7BFA /* Medium_016_3Sum_Closest.swift */,
				5093659E1AE1BD3C00FD41FD /* Medium_017_Letter_Combinations_Of_A_Phone_Number.swift */,
				509365A31AE23CD600FD41FD /* Medium_018_4Sum.swift */,
				505825B31AF89CA70081F4FA /* Medium_022_Generate_Parentheses.swift */,
				5098BC391AF90CE90009964D /* Medium_024_Swap_Nodes_In_Pairs.swift */,
				50D0C8F31AFE38340057BE0A /* Medium_029_Divide_Two_Integers.swift */,
				50AEFEB31AFF6D940059CF1B /* Medium_031_Next_Permutation.swift */,
				502A8F761B02352E00BE6CEB /* Medium_034_Search_For_A_Range.swift */,
				502A8F7B1B024E4300BE6CEB /* Medium_035_Search_Insert_Position.swift */,
				50FF9DB41B08ED1A0066EDA7 /* Medium_039_Combination_Sum.swift */,
				50C788061B0A4BDB00786829 /* Medium_040_Combination_Sum_II.swift */,
				50254C9C1B0F73AE0073B873 /* Medium_043_Multiply_Strings.swift */,
				5081E3F21B10537E00D8FD22 /* Medium_046_Permutations.swift */,
				5081E3FC1B1054FF00D8FD22 /* Medium_048_Rotate_Image.swift */,
				5081E4011B10562F00D8FD22 /* Medium_049_Anagrams.swift */,
				5081E4061B10572E00D8FD22 /* Medium_050_Pow_X_N.swift */,
				5064BB791B232D19001B24B8 /* Medium_053_Maximum_Subarray.swift */,
				5064BB811B233453001B24B8 /* Medium_054_Spiral_Matrix.swift */,
			);
			name = Medium;
			sourceTree = "<group>";
		};
		50A7F7F81AA9992600F84E86 /* Hard */ = {
			isa = PBXGroup;
			children = (
				91AE3A021AC550C5007EAEBA /* Hard_004_Median_Of_Two_Sorted_Arrays.swift */,
				91492D661AC58F6000D3A514 /* Hard_010_Regular_Expression_Matching.swift */,
				5098BC341AF8D9310009964D /* Hard_023_Merge_K_Sorted_Lists.swift */,
				50001EF21AF9F90D0060075D /* Hard_025_Reverse_Nodes_In_K_Group.swift */,
				50AEFEAC1AFF0C8E0059CF1B /* Hard_030_Substring_With_Concatenation_Of_All_Words.swift */,
				509D38641B00EF7C00E5E2A4 /* Hard_032_Longest_Valid_Parentheses.swift */,
				5005A80F1B0101BD00435B47 /* Hard_033_Search_In_Rotated_Sorted_Array.swift */,
				502529931B039CCC00A2AEDF /* Hard_037_Sudoku_Solver.swift */,
				505838971B0CDE7200372A72 /* Hard_041_First_Missing_Positive.swift */,
				50254C971B0F604F0073B873 /* Hard_042_Trapping_Rain_Water.swift */,
				5081E3E81B1013D500D8FD22 /* Hard_044_Wildcard_Matching.swift */,
				5081E3ED1B10509E00D8FD22 /* Hard_045_Jump_Game_II.swift */,
				5081E3F71B10549900D8FD22 /* Hard_047_Permutations_II.swift */,
				50A765141B10C7CE004F823B /* Hard_051_N_Queens.swift */,
				501E66921B14C5FE00108A45 /* Hard_052_N_Queens_II.swift */,
			);
			name = Hard;
			sourceTree = "<group>";
		};
		50A7F7FB1AA99B1C00F84E86 /* Easy */ = {
			isa = PBXGroup;
			children = (
				50A7F7FF1AA99B8400F84E86 /* Easy_006_ZigZag_Conversion_Test.swift */,
				91492D5A1AC5860F00D3A514 /* Easy_007_Reverse_Integer_Test.swift */,
				91492D5F1AC58A9E00D3A514 /* Easy_008_String_to_Integer_atoi_Test.swift */,
				91492D641AC58D4200D3A514 /* Easy_009_Palindrome_Number_Test.swift */,
				91EF6D711AC8EF6400D8C285 /* Easy_013_Roman_To_Integer_Test.swift */,
				91DCF23E1AC9135500F9CB65 /* Easy_014_Longest_Common_Prefix_Test.swift */,
				509365AB1AE487BB00FD41FD /* Easy_019_Remove_Nth_Node_From_End_Of_List_Test.swift */,
				5005E4DD1AE745C9000810D1 /* Easy_020_Valid_Parentheses_Test.swift */,
				5030D3991AE8F1A7005FADA6 /* Easy_021_Merge_Two_Sorted_Lists_Test.swift */,
				50001EFA1AFA65AD0060075D /* Easy_026_Remove_Duplicates_from_Sorted_Array_Test.swift */,
				5039814B1AFB556800419435 /* Easy_027_Remove_Element_Test.swift */,
				50D0C8F11AFDF5FA0057BE0A /* Easy_028_Implement_StrStr_Test.swift */,
				502529911B0392B500A2AEDF /* Easy_036_Valid_Sudoku_Test.swift */,
				50EC15C51B05791700A231BF /* Easy_038_Count_And_Say_Test.swift */,
			);
			name = Easy;
			sourceTree = "<group>";
		};
		50A7F7FC1AA99B2300F84E86 /* Medium */ = {
			isa = PBXGroup;
			children = (
				50A7F8051AA9A3E700F84E86 /* Medium_001_Two_Sum_Test.swift */,
				91394F371AC3F398003DFF08 /* Medium_002_Add_Two_Numbers_Test.swift */,
				91AE3A001AC54E00007EAEBA /* Medium_003_Longest_Substring_Without_Repeating_Characters_Test.swift */,
				91AE3A0B1AC55AC3007EAEBA /* Medium_005_Longest_Palindromic_Substring_Test.swift */,
				5263CF561AC79C130073631F /* Medium_011_Container_With_Most_Water_Test.swift */,
				5263CF5E1AC7D9AF0073631F /* Medium_012_Integer_To_Roman_Test.swift */,
				50E1BFBC1AD28EC6009308B6 /* Medium_015_3Sum_Test.swift */,
				504D4FA21ADF7E4E002C7BFA /* Medium_016_3Sum_Closest_Test.swift */,
				509365A11AE1BD5B00FD41FD /* Medium_017_Letter_Combinations_Of_A_Phone_Number_Test.swift */,
				509365A61AE3515E00FD41FD /* Medium_018_4Sum_Test.swift */,
				505825B61AF89D200081F4FA /* Medium_022_Generate_Parentheses_Test.swift */,
				5098BC3C1AF90CFE0009964D /* Medium_024_Swap_Nodes_In_Pairs_Test.swift */,
				50D0C8F61AFE38A30057BE0A /* Medium_029_Divide_Two_Integers_Test.swift */,
				50AEFEB61AFF6DC90059CF1B /* Medium_031_Next_Permutation_Test.swift */,
				502A8F791B02354800BE6CEB /* Medium_034_Search_For_A_Range_Test.swift */,
				502A8F7E1B024E8100BE6CEB /* Medium_035_Search_Insert_Position_Test.swift */,
				50FF9DB71B08ED340066EDA7 /* Medium_039_Combination_Sum_Test.swift */,
				50C788091B0A4BF600786829 /* Medium_040_Combination_Sum_II_Test.swift */,
				50254C9F1B0F73C20073B873 /* Medium_043_Multiply_Strings_Test.swift */,
				5081E3F51B10539100D8FD22 /* Medium_046_Permutations_Test.swift */,
				5081E3FF1B10551300D8FD22 /* Medium_048_Rotate_Image_Test.swift */,
				5081E4041B10564300D8FD22 /* Medium_049_Anagrams_Test.swift */,
				5081E4091B10573F00D8FD22 /* Medium_050_Pow_X_N_Test.swift */,
				5064BB7F1B232D59001B24B8 /* Medium_053_Maximum_Subarray_Test.swift */,
				5064BB841B233469001B24B8 /* Medium_054_Spiral_Matrix_Test.swift */,
			);
			name = Medium;
			sourceTree = "<group>";
		};
		50A7F7FD1AA99B2900F84E86 /* Hard */ = {
			isa = PBXGroup;
			children = (
				91AE3A051AC55146007EAEBA /* Hard_004_Median_Of_Two_Sorted_Arrays_Test.swift */,
				91492D691AC58F7A00D3A514 /* Hard_010_Regular_Expression_Matching_Test.swift */,
				5098BC371AF8D9480009964D /* Hard_023_Merge_K_Sorted_Lists_Test.swift */,
				50001EF51AF9F92D0060075D /* Hard_025_Reverse_Nodes_In_K_Group_Test.swift */,
				50AEFEAF1AFF0CC20059CF1B /* Hard_030_Substring_With_Concatenation_Of_All_Words_Test.swift */,
				509D38671B00EF8D00E5E2A4 /* Hard_032_Longest_Valid_Parentheses_Test.swift */,
				5005A8121B0101DB00435B47 /* Hard_033_Search_In_Rotated_Sorted_Array_Test.swift */,
				502529961B039CDD00A2AEDF /* Hard_037_Sudoku_Solver_Test.swift */,
				5058389A1B0CDE8D00372A72 /* Hard_041_First_Missing_Positive_Test.swift */,
				50254C9A1B0F60740073B873 /* Hard_042_Trapping_Rain_Water_Test.swift */,
				5081E3EB1B1014AB00D8FD22 /* Hard_044_Wildcard_Matching_Test.swift */,
				5081E3F01B1050C300D8FD22 /* Hard_045_Jump_Game_II_Test.swift */,
				5081E3FA1B1054A800D8FD22 /* Hard_047_Permutations_II_Test.swift */,
				50A765171B10C968004F823B /* Hard_051_N_Queens_Test.swift */,
				501E66951B14C62300108A45 /* Hard_052_N_Queens_II_Test.swift */,
			);
			name = Hard;
			sourceTree = "<group>";
		};
/* End PBXGroup section */

/* Begin PBXNativeTarget section */
		50A7F7D01AA9970700F84E86 /* Solutions */ = {
			isa = PBXNativeTarget;
			buildConfigurationList = 50A7F7F01AA9970700F84E86 /* Build configuration list for PBXNativeTarget "Solutions" */;
			buildPhases = (
				50A7F7CD1AA9970700F84E86 /* Sources */,
				50A7F7CE1AA9970700F84E86 /* Frameworks */,
				50A7F7CF1AA9970700F84E86 /* Resources */,
			);
			buildRules = (
			);
			dependencies = (
			);
			name = Solutions;
			productName = Solutions;
			productReference = 50A7F7D11AA9970700F84E86 /* Solutions.app */;
			productType = "com.apple.product-type.application";
		};
		50A7F7E51AA9970700F84E86 /* SolutionsTests */ = {
			isa = PBXNativeTarget;
			buildConfigurationList = 50A7F7F31AA9970700F84E86 /* Build configuration list for PBXNativeTarget "SolutionsTests" */;
			buildPhases = (
				50A7F7E21AA9970700F84E86 /* Sources */,
				50A7F7E31AA9970700F84E86 /* Frameworks */,
				50A7F7E41AA9970700F84E86 /* Resources */,
			);
			buildRules = (
			);
			dependencies = (
				50A7F7E81AA9970700F84E86 /* PBXTargetDependency */,
			);
			name = SolutionsTests;
			productName = SolutionsTests;
			productReference = 50A7F7E61AA9970700F84E86 /* SolutionsTests.xctest */;
			productType = "com.apple.product-type.bundle.unit-test";
		};
/* End PBXNativeTarget section */

/* Begin PBXProject section */
		50A7F7C91AA9970700F84E86 /* Project object */ = {
			isa = PBXProject;
			attributes = {
				LastUpgradeCheck = 0630;
				ORGANIZATIONNAME = diwu;
				TargetAttributes = {
					50A7F7D01AA9970700F84E86 = {
						CreatedOnToolsVersion = 6.3;
					};
					50A7F7E51AA9970700F84E86 = {
						CreatedOnToolsVersion = 6.3;
						TestTargetID = 50A7F7D01AA9970700F84E86;
					};
				};
			};
			buildConfigurationList = 50A7F7CC1AA9970700F84E86 /* Build configuration list for PBXProject "Solutions" */;
			compatibilityVersion = "Xcode 3.2";
			developmentRegion = English;
			hasScannedForEncodings = 0;
			knownRegions = (
				en,
				Base,
			);
			mainGroup = 50A7F7C81AA9970700F84E86;
			productRefGroup = 50A7F7D21AA9970700F84E86 /* Products */;
			projectDirPath = "";
			projectRoot = "";
			targets = (
				50A7F7D01AA9970700F84E86 /* Solutions */,
				50A7F7E51AA9970700F84E86 /* SolutionsTests */,
			);
		};
/* End PBXProject section */

/* Begin PBXResourcesBuildPhase section */
		50A7F7CF1AA9970700F84E86 /* Resources */ = {
			isa = PBXResourcesBuildPhase;
			buildActionMask = 2147483647;
			files = (
				50A7F7DC1AA9970700F84E86 /* Main.storyboard in Resources */,
				50A7F7E11AA9970700F84E86 /* LaunchScreen.xib in Resources */,
				50A7F7DE1AA9970700F84E86 /* Images.xcassets in Resources */,
			);
			runOnlyForDeploymentPostprocessing = 0;
		};
		50A7F7E41AA9970700F84E86 /* Resources */ = {
			isa = PBXResourcesBuildPhase;
			buildActionMask = 2147483647;
			files = (
			);
			runOnlyForDeploymentPostprocessing = 0;
		};
/* End PBXResourcesBuildPhase section */

/* Begin PBXSourcesBuildPhase section */
		50A7F7CD1AA9970700F84E86 /* Sources */ = {
			isa = PBXSourcesBuildPhase;
			buildActionMask = 2147483647;
			files = (
				5064BB821B233453001B24B8 /* Medium_054_Spiral_Matrix.swift in Sources */,
				50D0C8F41AFE38340057BE0A /* Medium_029_Divide_Two_Integers.swift in Sources */,
				5093659F1AE1BD3C00FD41FD /* Medium_017_Letter_Combinations_Of_A_Phone_Number.swift in Sources */,
				5263CF5C1AC7D9990073631F /* Medium_012_Integer_To_Roman.swift in Sources */,
				5081E3EE1B10509E00D8FD22 /* Hard_045_Jump_Game_II.swift in Sources */,
				5030D3971AE8F17F005FADA6 /* Easy_021_Merge_Two_Sorted_Lists.swift in Sources */,
				91DCF23C1AC9134500F9CB65 /* Easy_014_Longest_Common_Prefix.swift in Sources */,
				50D0C8EF1AFDF5DE0057BE0A /* Easy_028_Implement_StrStr.swift in Sources */,
				509365A91AE4879F00FD41FD /* Easy_019_Remove_Nth_Node_From_End_Of_List.swift in Sources */,
				50AEFEB41AFF6D940059CF1B /* Medium_031_Next_Permutation.swift in Sources */,
				503981491AFB555900419435 /* Easy_027_Remove_Element.swift in Sources */,
				505838981B0CDE7200372A72 /* Hard_041_First_Missing_Positive.swift in Sources */,
				50FF9DB51B08ED1A0066EDA7 /* Medium_039_Combination_Sum.swift in Sources */,
				509D38651B00EF7C00E5E2A4 /* Hard_032_Longest_Valid_Parentheses.swift in Sources */,
				5081E3F81B10549900D8FD22 /* Hard_047_Permutations_II.swift in Sources */,
				5098BC351AF8D9310009964D /* Hard_023_Merge_K_Sorted_Lists.swift in Sources */,
				91394F351AC3EE56003DFF08 /* Medium_002_Add_Two_Numbers.swift in Sources */,
				5081E3FD1B1054FF00D8FD22 /* Medium_048_Rotate_Image.swift in Sources */,
				5263CF591AC79C590073631F /* Medium_011_Container_With_Most_Water.swift in Sources */,
				505825B41AF89CA70081F4FA /* Medium_022_Generate_Parentheses.swift in Sources */,
				50001EF81AFA65970060075D /* Easy_026_Remove_Duplicates_from_Sorted_Array.swift in Sources */,
				509365A41AE23CD600FD41FD /* Medium_018_4Sum.swift in Sources */,
				50254C9D1B0F73AE0073B873 /* Medium_043_Multiply_Strings.swift in Sources */,
				50A7F7D91AA9970700F84E86 /* ViewController.swift in Sources */,
				50A765151B10C7CE004F823B /* Hard_051_N_Queens.swift in Sources */,
				50001EF31AF9F90D0060075D /* Hard_025_Reverse_Nodes_In_K_Group.swift in Sources */,
				5064BB7A1B232D19001B24B8 /* Medium_053_Maximum_Subarray.swift in Sources */,
				50C788071B0A4BDB00786829 /* Medium_040_Combination_Sum_II.swift in Sources */,
				91AE3A091AC559F6007EAEBA /* Medium_005_Longest_Palindromic_Substring.swift in Sources */,
				91492D5D1AC58A0800D3A514 /* Easy_008_String_to_Integer_atoi.swift in Sources */,
				91492D581AC5851E00D3A514 /* Easy_007_Reverse_Integer.swift in Sources */,
				504D4FA01ADF7E2F002C7BFA /* Medium_016_3Sum_Closest.swift in Sources */,
				50A7F8031AA9A3CA00F84E86 /* Medium_001_Two_Sum.swift in Sources */,
				91492D671AC58F6000D3A514 /* Hard_010_Regular_Expression_Matching.swift in Sources */,
				502A8F771B02352E00BE6CEB /* Medium_034_Search_For_A_Range.swift in Sources */,
				91AE3A031AC550C5007EAEBA /* Hard_004_Median_Of_Two_Sorted_Arrays.swift in Sources */,
				5081E4071B10572E00D8FD22 /* Medium_050_Pow_X_N.swift in Sources */,
				5081E4021B10562F00D8FD22 /* Medium_049_Anagrams.swift in Sources */,
				50A7F7FA1AA999C900F84E86 /* Easy_006_ZigZag_Conversion.swift in Sources */,
				91A29F161AC541F800E03380 /* Medium_003_Longest_Substring_Without_Repeating_Characters.swift in Sources */,
				50A7F7D71AA9970700F84E86 /* AppDelegate.swift in Sources */,
				91EF6D6F1AC8EF4E00D8C285 /* Easy_013_Roman_To_Integer.swift in Sources */,
				5081E3E91B1013D500D8FD22 /* Hard_044_Wildcard_Matching.swift in Sources */,
				91492D621AC58D2E00D3A514 /* Easy_009_Palindrome_Number.swift in Sources */,
				5098BC3A1AF90CE90009964D /* Medium_024_Swap_Nodes_In_Pairs.swift in Sources */,
				5005A8101B0101BD00435B47 /* Hard_033_Search_In_Rotated_Sorted_Array.swift in Sources */,
				50EC15C31B05790400A231BF /* Easy_038_Count_And_Say.swift in Sources */,
				5005E4DB1AE745AD000810D1 /* Easy_020_Valid_Parentheses.swift in Sources */,
				502529941B039CCC00A2AEDF /* Hard_037_Sudoku_Solver.swift in Sources */,
				502A8F7C1B024E4300BE6CEB /* Medium_035_Search_Insert_Position.swift in Sources */,
				501E66931B14C5FE00108A45 /* Hard_052_N_Queens_II.swift in Sources */,
				50254C981B0F604F0073B873 /* Hard_042_Trapping_Rain_Water.swift in Sources */,
				5081E3F31B10537E00D8FD22 /* Medium_046_Permutations.swift in Sources */,
				5025298F1B03929200A2AEDF /* Easy_036_Valid_Sudoku.swift in Sources */,
				50AEFEAD1AFF0C8E0059CF1B /* Hard_030_Substring_With_Concatenation_Of_All_Words.swift in Sources */,
				50E1BFBA1AD28EAC009308B6 /* Medium_015_3Sum.swift in Sources */,
			);
			runOnlyForDeploymentPostprocessing = 0;
		};
		50A7F7E21AA9970700F84E86 /* Sources */ = {
			isa = PBXSourcesBuildPhase;
			buildActionMask = 2147483647;
			files = (
				5030D3981AE8F17F005FADA6 /* Easy_021_Merge_Two_Sorted_Lists.swift in Sources */,
				50E1BFBD1AD28EC6009308B6 /* Medium_015_3Sum_Test.swift in Sources */,
				91492D681AC58F6000D3A514 /* Hard_010_Regular_Expression_Matching.swift in Sources */,
				91AE3A071AC55146007EAEBA /* Hard_004_Median_Of_Two_Sorted_Arrays_Test.swift in Sources */,
				91AE3A041AC550C5007EAEBA /* Hard_004_Median_Of_Two_Sorted_Arrays.swift in Sources */,
				50EC15C41B05790400A231BF /* Easy_038_Count_And_Say.swift in Sources */,
				91394F361AC3EE56003DFF08 /* Medium_002_Add_Two_Numbers.swift in Sources */,
				50A7F8011AA99E5100F84E86 /* Easy_006_ZigZag_Conversion.swift in Sources */,
				5064BB831B233453001B24B8 /* Medium_054_Spiral_Matrix.swift in Sources */,
				509365A01AE1BD3C00FD41FD /* Medium_017_Letter_Combinations_Of_A_Phone_Number.swift in Sources */,
				502A8F781B02352E00BE6CEB /* Medium_034_Search_For_A_Range.swift in Sources */,
				50EC15C61B05791700A231BF /* Easy_038_Count_And_Say_Test.swift in Sources */,
				5263CF571AC79C130073631F /* Medium_011_Container_With_Most_Water_Test.swift in Sources */,
				5064BB801B232D59001B24B8 /* Medium_053_Maximum_Subarray_Test.swift in Sources */,
				5263CF5A1AC79C590073631F /* Medium_011_Container_With_Most_Water.swift in Sources */,
				509365A51AE23CD600FD41FD /* Medium_018_4Sum.swift in Sources */,
				5064BB851B233469001B24B8 /* Medium_054_Spiral_Matrix_Test.swift in Sources */,
				5005E4DE1AE745C9000810D1 /* Easy_020_Valid_Parentheses_Test.swift in Sources */,
				5081E4051B10564300D8FD22 /* Medium_049_Anagrams_Test.swift in Sources */,
				91DCF23D1AC9134500F9CB65 /* Easy_014_Longest_Common_Prefix.swift in Sources */,
				50254C991B0F604F0073B873 /* Hard_042_Trapping_Rain_Water.swift in Sources */,
				50001EF91AFA65970060075D /* Easy_026_Remove_Duplicates_from_Sorted_Array.swift in Sources */,
				50254CA01B0F73C20073B873 /* Medium_043_Multiply_Strings_Test.swift in Sources */,
				50A7F8061AA9A3E700F84E86 /* Medium_001_Two_Sum_Test.swift in Sources */,
				91EF6D701AC8EF4E00D8C285 /* Easy_013_Roman_To_Integer.swift in Sources */,
				91492D6A1AC58F7A00D3A514 /* Hard_010_Regular_Expression_Matching_Test.swift in Sources */,
				5098BC381AF8D9480009964D /* Hard_023_Merge_K_Sorted_Lists_Test.swift in Sources */,
				91DCF2411AC9207900F9CB65 /* SolutionsTestsHelper.swift in Sources */,
				501E66961B14C62300108A45 /* Hard_052_N_Queens_II_Test.swift in Sources */,
				91EF6D721AC8EF6400D8C285 /* Easy_013_Roman_To_Integer_Test.swift in Sources */,
				502A8F7A1B02354800BE6CEB /* Medium_034_Search_For_A_Range_Test.swift in Sources */,
				91492D651AC58D4200D3A514 /* Easy_009_Palindrome_Number_Test.swift in Sources */,
				91A29F171AC541F800E03380 /* Medium_003_Longest_Substring_Without_Repeating_Characters.swift in Sources */,
				5081E4081B10572E00D8FD22 /* Medium_050_Pow_X_N.swift in Sources */,
				91492D591AC5851E00D3A514 /* Easy_007_Reverse_Integer.swift in Sources */,
				91492D5B1AC5860F00D3A514 /* Easy_007_Reverse_Integer_Test.swift in Sources */,
				501E66941B14C5FE00108A45 /* Hard_052_N_Queens_II.swift in Sources */,
				509365A71AE3515E00FD41FD /* Medium_018_4Sum_Test.swift in Sources */,
				509365AC1AE487BB00FD41FD /* Easy_019_Remove_Nth_Node_From_End_Of_List_Test.swift in Sources */,
				5081E3EA1B1013D500D8FD22 /* Hard_044_Wildcard_Matching.swift in Sources */,
				50AEFEAE1AFF0C8E0059CF1B /* Hard_030_Substring_With_Concatenation_Of_All_Words.swift in Sources */,
				504D4FA11ADF7E2F002C7BFA /* Medium_016_3Sum_Closest.swift in Sources */,
				50001EF41AF9F90D0060075D /* Hard_025_Reverse_Nodes_In_K_Group.swift in Sources */,
				5081E3FE1B1054FF00D8FD22 /* Medium_048_Rotate_Image.swift in Sources */,
				91492D5E1AC58A0800D3A514 /* Easy_008_String_to_Integer_atoi.swift in Sources */,
				502529971B039CDD00A2AEDF /* Hard_037_Sudoku_Solver_Test.swift in Sources */,
				5098BC3B1AF90CE90009964D /* Medium_024_Swap_Nodes_In_Pairs.swift in Sources */,
				5081E4031B10562F00D8FD22 /* Medium_049_Anagrams.swift in Sources */,
				5039814C1AFB556800419435 /* Easy_027_Remove_Element_Test.swift in Sources */,
				5263CF5F1AC7D9AF0073631F /* Medium_012_Integer_To_Roman_Test.swift in Sources */,
				5081E3F11B1050C300D8FD22 /* Hard_045_Jump_Game_II_Test.swift in Sources */,
				509D38661B00EF7C00E5E2A4 /* Hard_032_Longest_Valid_Parentheses.swift in Sources */,
				50D0C8F01AFDF5DE0057BE0A /* Easy_028_Implement_StrStr.swift in Sources */,
				5081E3EC1B1014AB00D8FD22 /* Hard_044_Wildcard_Matching_Test.swift in Sources */,
				502529921B0392B500A2AEDF /* Easy_036_Valid_Sudoku_Test.swift in Sources */,
				5058389B1B0CDE8D00372A72 /* Hard_041_First_Missing_Positive_Test.swift in Sources */,
				50AEFEB01AFF0CC20059CF1B /* Hard_030_Substring_With_Concatenation_Of_All_Words_Test.swift in Sources */,
				5081E4001B10551300D8FD22 /* Medium_048_Rotate_Image_Test.swift in Sources */,
				504D4FA31ADF7E4E002C7BFA /* Medium_016_3Sum_Closest_Test.swift in Sources */,
				50E1BFBB1AD28EAC009308B6 /* Medium_015_3Sum.swift in Sources */,
				91AE3A011AC54E00007EAEBA /* Medium_003_Longest_Substring_Without_Repeating_Characters_Test.swift in Sources */,
				502A8F7F1B024E8100BE6CEB /* Medium_035_Search_Insert_Position_Test.swift in Sources */,
				502A8F7D1B024E4300BE6CEB /* Medium_035_Search_Insert_Position.swift in Sources */,
				50254C9B1B0F60740073B873 /* Hard_042_Trapping_Rain_Water_Test.swift in Sources */,
				50A7F8001AA99B8400F84E86 /* Easy_006_ZigZag_Conversion_Test.swift in Sources */,
				5081E3EF1B10509E00D8FD22 /* Hard_045_Jump_Game_II.swift in Sources */,
				50A7F8041AA9A3CA00F84E86 /* Medium_001_Two_Sum.swift in Sources */,
				91AE3A0A1AC559F6007EAEBA /* Medium_005_Longest_Palindromic_Substring.swift in Sources */,
				509D38681B00EF8D00E5E2A4 /* Hard_032_Longest_Valid_Parentheses_Test.swift in Sources */,
				509365A21AE1BD5B00FD41FD /* Medium_017_Letter_Combinations_Of_A_Phone_Number_Test.swift in Sources */,
				50001EF61AF9F92D0060075D /* Hard_025_Reverse_Nodes_In_K_Group_Test.swift in Sources */,
				91AE3A0D1AC55AC3007EAEBA /* Medium_005_Longest_Palindromic_Substring_Test.swift in Sources */,
				50A765161B10C7CE004F823B /* Hard_051_N_Queens.swift in Sources */,
				50FF9DB61B08ED1A0066EDA7 /* Medium_039_Combination_Sum.swift in Sources */,
				5039814A1AFB555900419435 /* Easy_027_Remove_Element.swift in Sources */,
				509365AA1AE4879F00FD41FD /* Easy_019_Remove_Nth_Node_From_End_Of_List.swift in Sources */,
				91DCF23F1AC9135500F9CB65 /* Easy_014_Longest_Common_Prefix_Test.swift in Sources */,
				505825B71AF89D200081F4FA /* Medium_022_Generate_Parentheses_Test.swift in Sources */,
				5081E3F61B10539100D8FD22 /* Medium_046_Permutations_Test.swift in Sources */,
				91492D601AC58A9E00D3A514 /* Easy_008_String_to_Integer_atoi_Test.swift in Sources */,
				5081E3F41B10537E00D8FD22 /* Medium_046_Permutations.swift in Sources */,
				5005E4DC1AE745AD000810D1 /* Easy_020_Valid_Parentheses.swift in Sources */,
				5081E40A1B10573F00D8FD22 /* Medium_050_Pow_X_N_Test.swift in Sources */,
				5098BC3D1AF90CFE0009964D /* Medium_024_Swap_Nodes_In_Pairs_Test.swift in Sources */,
				50AEFEB51AFF6D940059CF1B /* Medium_031_Next_Permutation.swift in Sources */,
				50001EFB1AFA65AD0060075D /* Easy_026_Remove_Duplicates_from_Sorted_Array_Test.swift in Sources */,
				91492D631AC58D2E00D3A514 /* Easy_009_Palindrome_Number.swift in Sources */,
				50C7880A1B0A4BF600786829 /* Medium_040_Combination_Sum_II_Test.swift in Sources */,
				50C788081B0A4BDB00786829 /* Medium_040_Combination_Sum_II.swift in Sources */,
				5263CF5D1AC7D9990073631F /* Medium_012_Integer_To_Roman.swift in Sources */,
				50254C9E1B0F73AE0073B873 /* Medium_043_Multiply_Strings.swift in Sources */,
				5005A8111B0101BD00435B47 /* Hard_033_Search_In_Rotated_Sorted_Array.swift in Sources */,
				502529951B039CCC00A2AEDF /* Hard_037_Sudoku_Solver.swift in Sources */,
				50FF9DB81B08ED340066EDA7 /* Medium_039_Combination_Sum_Test.swift in Sources */,
				50D0C8F71AFE38A30057BE0A /* Medium_029_Divide_Two_Integers_Test.swift in Sources */,
				50A765181B10C968004F823B /* Hard_051_N_Queens_Test.swift in Sources */,
				5005A8131B0101DB00435B47 /* Hard_033_Search_In_Rotated_Sorted_Array_Test.swift in Sources */,
				505838991B0CDE7200372A72 /* Hard_041_First_Missing_Positive.swift in Sources */,
				50D0C8F21AFDF5FA0057BE0A /* Easy_028_Implement_StrStr_Test.swift in Sources */,
				502529901B03929200A2AEDF /* Easy_036_Valid_Sudoku.swift in Sources */,
				91394F381AC3F398003DFF08 /* Medium_002_Add_Two_Numbers_Test.swift in Sources */,
				5081E3FB1B1054A800D8FD22 /* Hard_047_Permutations_II_Test.swift in Sources */,
				5030D39A1AE8F1A7005FADA6 /* Easy_021_Merge_Two_Sorted_Lists_Test.swift in Sources */,
				50D0C8F51AFE38340057BE0A /* Medium_029_Divide_Two_Integers.swift in Sources */,
				5098BC361AF8D9310009964D /* Hard_023_Merge_K_Sorted_Lists.swift in Sources */,
				5081E3F91B10549900D8FD22 /* Hard_047_Permutations_II.swift in Sources */,
				50AEFEB71AFF6DC90059CF1B /* Medium_031_Next_Permutation_Test.swift in Sources */,
				505825B51AF89CA70081F4FA /* Medium_022_Generate_Parentheses.swift in Sources */,
				5064BB7B1B232D19001B24B8 /* Medium_053_Maximum_Subarray.swift in Sources */,
			);
			runOnlyForDeploymentPostprocessing = 0;
		};
/* End PBXSourcesBuildPhase section */

/* Begin PBXTargetDependency section */
		50A7F7E81AA9970700F84E86 /* PBXTargetDependency */ = {
			isa = PBXTargetDependency;
			target = 50A7F7D01AA9970700F84E86 /* Solutions */;
			targetProxy = 50A7F7E71AA9970700F84E86 /* PBXContainerItemProxy */;
		};
/* End PBXTargetDependency section */

/* Begin PBXVariantGroup section */
		50A7F7DA1AA9970700F84E86 /* Main.storyboard */ = {
			isa = PBXVariantGroup;
			children = (
				50A7F7DB1AA9970700F84E86 /* Base */,
			);
			name = Main.storyboard;
			sourceTree = "<group>";
		};
		50A7F7DF1AA9970700F84E86 /* LaunchScreen.xib */ = {
			isa = PBXVariantGroup;
			children = (
				50A7F7E01AA9970700F84E86 /* Base */,
			);
			name = LaunchScreen.xib;
			sourceTree = "<group>";
		};
/* End PBXVariantGroup section */

/* Begin XCBuildConfiguration section */
		50A7F7EE1AA9970700F84E86 /* Debug */ = {
			isa = XCBuildConfiguration;
			buildSettings = {
				ALWAYS_SEARCH_USER_PATHS = NO;
				CLANG_CXX_LANGUAGE_STANDARD = "gnu++0x";
				CLANG_CXX_LIBRARY = "libc++";
				CLANG_ENABLE_MODULES = YES;
				CLANG_ENABLE_OBJC_ARC = YES;
				CLANG_WARN_BOOL_CONVERSION = YES;
				CLANG_WARN_CONSTANT_CONVERSION = YES;
				CLANG_WARN_DIRECT_OBJC_ISA_USAGE = YES_ERROR;
				CLANG_WARN_EMPTY_BODY = YES;
				CLANG_WARN_ENUM_CONVERSION = YES;
				CLANG_WARN_INT_CONVERSION = YES;
				CLANG_WARN_OBJC_ROOT_CLASS = YES_ERROR;
				CLANG_WARN_UNREACHABLE_CODE = YES;
				CLANG_WARN__DUPLICATE_METHOD_MATCH = YES;
				"CODE_SIGN_IDENTITY[sdk=iphoneos*]" = "iPhone Developer";
				COPY_PHASE_STRIP = NO;
				DEBUG_INFORMATION_FORMAT = dwarf;
				ENABLE_STRICT_OBJC_MSGSEND = YES;
				GCC_C_LANGUAGE_STANDARD = gnu99;
				GCC_DYNAMIC_NO_PIC = NO;
				GCC_OPTIMIZATION_LEVEL = 0;
				GCC_PREPROCESSOR_DEFINITIONS = (
					"DEBUG=1",
					"$(inherited)",
				);
				GCC_SYMBOLS_PRIVATE_EXTERN = NO;
				GCC_WARN_64_TO_32_BIT_CONVERSION = YES;
				GCC_WARN_ABOUT_RETURN_TYPE = YES_ERROR;
				GCC_WARN_UNDECLARED_SELECTOR = YES;
				GCC_WARN_UNINITIALIZED_AUTOS = YES_AGGRESSIVE;
				GCC_WARN_UNUSED_FUNCTION = YES;
				GCC_WARN_UNUSED_VARIABLE = YES;
				IPHONEOS_DEPLOYMENT_TARGET = 8.3;
				MTL_ENABLE_DEBUG_INFO = YES;
				ONLY_ACTIVE_ARCH = YES;
				SDKROOT = iphoneos;
				SWIFT_OPTIMIZATION_LEVEL = "-Onone";
			};
			name = Debug;
		};
		50A7F7EF1AA9970700F84E86 /* Release */ = {
			isa = XCBuildConfiguration;
			buildSettings = {
				ALWAYS_SEARCH_USER_PATHS = NO;
				CLANG_CXX_LANGUAGE_STANDARD = "gnu++0x";
				CLANG_CXX_LIBRARY = "libc++";
				CLANG_ENABLE_MODULES = YES;
				CLANG_ENABLE_OBJC_ARC = YES;
				CLANG_WARN_BOOL_CONVERSION = YES;
				CLANG_WARN_CONSTANT_CONVERSION = YES;
				CLANG_WARN_DIRECT_OBJC_ISA_USAGE = YES_ERROR;
				CLANG_WARN_EMPTY_BODY = YES;
				CLANG_WARN_ENUM_CONVERSION = YES;
				CLANG_WARN_INT_CONVERSION = YES;
				CLANG_WARN_OBJC_ROOT_CLASS = YES_ERROR;
				CLANG_WARN_UNREACHABLE_CODE = YES;
				CLANG_WARN__DUPLICATE_METHOD_MATCH = YES;
				"CODE_SIGN_IDENTITY[sdk=iphoneos*]" = "iPhone Developer";
				COPY_PHASE_STRIP = NO;
				DEBUG_INFORMATION_FORMAT = "dwarf-with-dsym";
				ENABLE_NS_ASSERTIONS = NO;
				ENABLE_STRICT_OBJC_MSGSEND = YES;
				GCC_C_LANGUAGE_STANDARD = gnu99;
				GCC_WARN_64_TO_32_BIT_CONVERSION = YES;
				GCC_WARN_ABOUT_RETURN_TYPE = YES_ERROR;
				GCC_WARN_UNDECLARED_SELECTOR = YES;
				GCC_WARN_UNINITIALIZED_AUTOS = YES_AGGRESSIVE;
				GCC_WARN_UNUSED_FUNCTION = YES;
				GCC_WARN_UNUSED_VARIABLE = YES;
				IPHONEOS_DEPLOYMENT_TARGET = 8.3;
				MTL_ENABLE_DEBUG_INFO = NO;
				SDKROOT = iphoneos;
				VALIDATE_PRODUCT = YES;
			};
			name = Release;
		};
		50A7F7F11AA9970700F84E86 /* Debug */ = {
			isa = XCBuildConfiguration;
			buildSettings = {
				ASSETCATALOG_COMPILER_APPICON_NAME = AppIcon;
				GCC_TREAT_WARNINGS_AS_ERRORS = YES;
				INFOPLIST_FILE = Solutions/Info.plist;
				LD_RUNPATH_SEARCH_PATHS = "$(inherited) @executable_path/Frameworks";
				PRODUCT_NAME = "$(TARGET_NAME)";
			};
			name = Debug;
		};
		50A7F7F21AA9970700F84E86 /* Release */ = {
			isa = XCBuildConfiguration;
			buildSettings = {
				ASSETCATALOG_COMPILER_APPICON_NAME = AppIcon;
				GCC_TREAT_WARNINGS_AS_ERRORS = YES;
				INFOPLIST_FILE = Solutions/Info.plist;
				LD_RUNPATH_SEARCH_PATHS = "$(inherited) @executable_path/Frameworks";
				PRODUCT_NAME = "$(TARGET_NAME)";
			};
			name = Release;
		};
		50A7F7F41AA9970700F84E86 /* Debug */ = {
			isa = XCBuildConfiguration;
			buildSettings = {
				BUNDLE_LOADER = "$(TEST_HOST)";
				FRAMEWORK_SEARCH_PATHS = (
					"$(SDKROOT)/Developer/Library/Frameworks",
					"$(inherited)",
				);
				GCC_PREPROCESSOR_DEFINITIONS = (
					"DEBUG=1",
					"$(inherited)",
				);
				INFOPLIST_FILE = SolutionsTests/Info.plist;
				LD_RUNPATH_SEARCH_PATHS = "$(inherited) @executable_path/Frameworks @loader_path/Frameworks";
				PRODUCT_NAME = "$(TARGET_NAME)";
				TEST_HOST = "$(BUILT_PRODUCTS_DIR)/Solutions.app/Solutions";
			};
			name = Debug;
		};
		50A7F7F51AA9970700F84E86 /* Release */ = {
			isa = XCBuildConfiguration;
			buildSettings = {
				BUNDLE_LOADER = "$(TEST_HOST)";
				FRAMEWORK_SEARCH_PATHS = (
					"$(SDKROOT)/Developer/Library/Frameworks",
					"$(inherited)",
				);
				INFOPLIST_FILE = SolutionsTests/Info.plist;
				LD_RUNPATH_SEARCH_PATHS = "$(inherited) @executable_path/Frameworks @loader_path/Frameworks";
				PRODUCT_NAME = "$(TARGET_NAME)";
				TEST_HOST = "$(BUILT_PRODUCTS_DIR)/Solutions.app/Solutions";
			};
			name = Release;
		};
/* End XCBuildConfiguration section */

/* Begin XCConfigurationList section */
		50A7F7CC1AA9970700F84E86 /* Build configuration list for PBXProject "Solutions" */ = {
			isa = XCConfigurationList;
			buildConfigurations = (
				50A7F7EE1AA9970700F84E86 /* Debug */,
				50A7F7EF1AA9970700F84E86 /* Release */,
			);
			defaultConfigurationIsVisible = 0;
			defaultConfigurationName = Release;
		};
		50A7F7F01AA9970700F84E86 /* Build configuration list for PBXNativeTarget "Solutions" */ = {
			isa = XCConfigurationList;
			buildConfigurations = (
				50A7F7F11AA9970700F84E86 /* Debug */,
				50A7F7F21AA9970700F84E86 /* Release */,
			);
			defaultConfigurationIsVisible = 0;
			defaultConfigurationName = Release;
		};
		50A7F7F31AA9970700F84E86 /* Build configuration list for PBXNativeTarget "SolutionsTests" */ = {
			isa = XCConfigurationList;
			buildConfigurations = (
				50A7F7F41AA9970700F84E86 /* Debug */,
				50A7F7F51AA9970700F84E86 /* Release */,
			);
			defaultConfigurationIsVisible = 0;
			defaultConfigurationName = Release;
		};
/* End XCConfigurationList section */
	};
	rootObject = 50A7F7C91AA9970700F84E86 /* Project object */;
}
